
Microsoft Visual Studio Solution File, Format Version 12.00
# Visual Studio 15
VisualStudioVersion = 15.0.27703.2035
MinimumVisualStudioVersion = 10.0.40219.1
Project("{FAE04EC0-301F-11D3-BF4B-00C04F79EFBC}") = "01 - NullableTypesDemo", "NullableTypesDemo\01 - NullableTypesDemo.csproj", "{26290BBF-9F9A-45EF-B52A-9D460CD57356}"
EndProject
Project("{FAE04EC0-301F-11D3-BF4B-00C04F79EFBC}") = "02 - InheritanceLecture", "InheritanceLecture\02 - InheritanceLecture.csproj", "{8F486DAA-646C-4AA4-967D-5038193196AD}"
EndProject
Project("{FAE04EC0-301F-11D3-BF4B-00C04F79EFBC}") = "03 - Polymorphism", "Polymorphism\03 - Polymorphism.csproj", "{F3507198-110E-4438-9830-E44B7B8AF8CF}"
EndProject
Project("{2150E333-8FDC-42A3-9474-1A3956D46DE8}") = "01 - Basics", "01 - Basics", "{838FDD09-A5E6-4650-AC35-0EC258252471}"
EndProject
Project("{2150E333-8FDC-42A3-9474-1A3956D46DE8}") = "03 - Advanced", "03 - Advanced", "{55946C8A-D6B1-4346-A4CE-12C4FB22FFC9}"
EndProject
Project("{2150E333-8FDC-42A3-9474-1A3956D46DE8}") = "02 - Intermediate", "02 - Intermediate", "{6A98AD16-ECF2-4ADE-88A1-8B5051588C2D}"
EndProject
Project("{FAE04EC0-301F-11D3-BF4B-00C04F79EFBC}") = "07 - Strings", "7Strings\07 - Strings.csproj", "{E22A69F6-A9E9-493A-B6DD-A7DE9A6EC20C}"
EndProject
Project("{FAE04EC0-301F-11D3-BF4B-00C04F79EFBC}") = "52 - CreatingAClass", "CreatingAClass\52 - CreatingAClass.csproj", "{7FAD0B12-615E-4F3C-BB86-32E6924C3DD6}"
EndProject
Project("{FAE04EC0-301F-11D3-BF4B-00C04F79EFBC}") = "08 - NumericConversions", "NumericConversions\08 - NumericConversions.csproj", "{1C7AB5FB-08E2-44DD-B7BA-0A5F96295677}"
EndProject
Project("{FAE04EC0-301F-11D3-BF4B-00C04F79EFBC}") = "09 - DeclaringConstants", "09 - DeclaringConstants\09 - DeclaringConstants.csproj", "{DE22417E-CE2F-4278-9F23-CA87F520AE02}"
EndProject
Project("{FAE04EC0-301F-11D3-BF4B-00C04F79EFBC}") = "10 - ConsoleInput", "10 - ConsoleInput\10 - ConsoleInput.csproj", "{9BF53DEF-99FA-4B79-9327-0ADCAD252B35}"
EndProject
Project("{FAE04EC0-301F-11D3-BF4B-00C04F79EFBC}") = "11 - Exercise", "11 - Exercise\11 - Exercise.csproj", "{853583A6-B007-473C-92A3-56ACB8341CCD}"
EndProject
Project("{FAE04EC0-301F-11D3-BF4B-00C04F79EFBC}") = "12 - Exercise 2", "Exercise 2\12 - Exercise 2.csproj", "{275CEF1B-E7EA-4C0F-AF65-20DC27EF8A16}"
EndProject
Project("{FAE04EC0-301F-11D3-BF4B-00C04F79EFBC}") = "13 - Exercise 3", "13 - Exercise 3\13 - Exercise 3.csproj", "{4F333282-41D5-48A4-8B98-E3683077CCC9}"
EndProject
Project("{FAE04EC0-301F-11D3-BF4B-00C04F79EFBC}") = "14 - AgeApp", "AgeApp\14 - AgeApp.csproj", "{716CFDB4-1BB6-4D9F-9165-3162F943FC50}"
EndProject
Project("{FAE04EC0-301F-11D3-BF4B-00C04F79EFBC}") = "15 - IfStatements", "15 - IfStatements\15 - IfStatements.csproj", "{6D22047E-6751-46BA-A9DC-87F61F273B46}"
EndProject
Project("{FAE04EC0-301F-11D3-BF4B-00C04F79EFBC}") = "16 - IfElse", "16 - IfElse\16 - IfElse.csproj", "{3F67A4C5-A210-4AF8-9CF7-A57E6AD092CA}"
EndProject
Project("{FAE04EC0-301F-11D3-BF4B-00C04F79EFBC}") = "17 - Compound Expressions", "17 - Compound Expressions\17 - Compound Expressions.csproj", "{1D530981-D92E-4C20-836E-E8958DBD4018}"
EndProject
Project("{FAE04EC0-301F-11D3-BF4B-00C04F79EFBC}") = "01IntroToTasks", "CreatingAClass\01IntroToTasks\01IntroToTasks.csproj", "{0D375017-3883-49B2-8B9F-EEAF5BA272A9}"
EndProject
Project("{FAE04EC0-301F-11D3-BF4B-00C04F79EFBC}") = "02Tasks", "CreatingAClass\02Tasks\02Tasks.csproj", "{3FA1652F-BDB1-4CBB-BCF5-606128253E92}"
EndProject
Project("{2150E333-8FDC-42A3-9474-1A3956D46DE8}") = "04 - Exam Guide", "04 - Exam Guide", "{EB2428EE-AE42-442A-B300-86B0FA53DC4F}"
EndProject
Project("{FAE04EC0-301F-11D3-BF4B-00C04F79EFBC}") = "1_1_Chapter1", "Chapter1\1_1_Chapter1.csproj", "{2C35DA74-AE0C-443F-B817-F1DFFFF85AB7}"
EndProject
Project("{FAE04EC0-301F-11D3-BF4B-00C04F79EFBC}") = "18_-_Implementing_a_Method", "18_-_Implementing_a_Method\18_-_Implementing_a_Method.csproj", "{713D0A8A-C47D-4C87-B5CE-C5D6EC7DF09D}"
EndProject
Project("{FAE04EC0-301F-11D3-BF4B-00C04F79EFBC}") = "1_2_Using_A_BackgroundThread", "Chapter1\1_3_Using_ParameterizedThreadStart\1_2_Using_A_BackgroundThread.csproj", "{0AD2E80C-E264-4FA4-9712-55ED257BAFEB}"
EndProject
Project("{FAE04EC0-301F-11D3-BF4B-00C04F79EFBC}") = "1_3_Using_ParameterizedThreadStart", "Chapter1\1_3_Using_ParameterizedThreadStart\1_3_Using_ParameterizedThreadStart.csproj", "{A2594F94-E112-4773-AE08-C2739C01BA24}"
EndProject
Project("{FAE04EC0-301F-11D3-BF4B-00C04F79EFBC}") = "1_4_Stopping_a_Thread", "Chapter1\1_4_Stopping_a_Thread\1_4_Stopping_a_Thread.csproj", "{B8CC70EA-76E7-4867-910D-8C88C4F7FC5A}"
EndProject
Project("{FAE04EC0-301F-11D3-BF4B-00C04F79EFBC}") = "1_5_Using_the_ThreadStaticAttribute", "Chapter1\1_5_Using_the_ThreadStaticAttribute\1_5_Using_the_ThreadStaticAttribute.csproj", "{2FAE52A7-C35C-4C79-9574-3793EF7F1033}"
EndProject
Project("{FAE04EC0-301F-11D3-BF4B-00C04F79EFBC}") = "1_6_Queuing_To_ThreadPool", "Chapter1\1_6_Queuing_To_ThreadPool\1_6_Queuing_To_ThreadPool.csproj", "{60DC190A-247C-4324-B3D0-1EBFDA5EC023}"
EndProject
Project("{FAE04EC0-301F-11D3-BF4B-00C04F79EFBC}") = "1_7_Starting_a_Task", "Chapter1\1_7_Starting_a_Task\1_7_Starting_a_Task.csproj", "{CCA2AE35-F6AA-4523-AAF4-081D6B2FA76E}"
EndProject
Project("{FAE04EC0-301F-11D3-BF4B-00C04F79EFBC}") = "1_8_Using_a_Task_that_returns_a_value", "Chapter1\1_8_Using_a_Task_that_returns_a_value\1_8_Using_a_Task_that_returns_a_value.csproj", "{50F08C42-8402-4CD1-BBA5-BC2A1FDF5CA4}"
EndProject
Project("{FAE04EC0-301F-11D3-BF4B-00C04F79EFBC}") = "1_10_Adding_a_Continuation", "Chapter1\1_10_Adding_a_Continuation\1_10_Adding_a_Continuation.csproj", "{2F9F4EC3-3C85-4586-97F7-953DB7C29432}"
EndProject
Project("{FAE04EC0-301F-11D3-BF4B-00C04F79EFBC}") = "1_11_Attaching_ChildTasks_to_a_ParentTask", "Chapter1\1_11_Attaching_ChildTasks_to_a_ParentTask\1_11_Attaching_ChildTasks_to_a_ParentTask.csproj", "{4DAFCEB3-BDF3-453A-9BE7-A5C9C0E95EEF}"
EndProject
Project("{FAE04EC0-301F-11D3-BF4B-00C04F79EFBC}") = "1_12_Using_a_TaskFactory", "Chapter1\1_12_Using_a_TaskFactory\1_12_Using_a_TaskFactory.csproj", "{C8930FAC-F323-432F-8D58-11CFD8AD5C01}"
EndProject
Project("{FAE04EC0-301F-11D3-BF4B-00C04F79EFBC}") = "1_13_Using_Task.WaitAll", "Chapter1\1_13_Using_Task.WaitAll\1_13_Using_Task.WaitAll.csproj", "{76764E06-76B6-44B6-B83D-87C818669B9A}"
EndProject
Project("{FAE04EC0-301F-11D3-BF4B-00C04F79EFBC}") = "1_14_Using_Task.WaitAny", "Chapter1\1_14_Using_Task.WaitAny\1_14_Using_Task.WaitAny.csproj", "{25DA84A0-F4F1-4DC8-A343-0DA2F20C6F37}"
EndProject
Project("{FAE04EC0-301F-11D3-BF4B-00C04F79EFBC}") = "1_15_Using_the_ParallelClass", "Chapter1\1_15_Using_the_ParallelClass\1_15_Using_the_ParallelClass.csproj", "{AED5A9D2-3A93-49EC-8AB4-3D0370E4F9A2}"
EndProject
Project("{FAE04EC0-301F-11D3-BF4B-00C04F79EFBC}") = "1_16_Using_a_Parallel_Foreach", "Chapter1\1_16_Using_a_Parallel_Foreach\1_16_Using_a_Parallel_Foreach.csproj", "{454818B8-F53E-4858-86F7-CC83B3BB9697}"
EndProject
Project("{FAE04EC0-301F-11D3-BF4B-00C04F79EFBC}") = "1_17_Using_a_ParallelBreak", "Chapter1\1_17_Using_a_ParallelBreak\1_17_Using_a_ParallelBreak.csproj", "{329EB764-689A-4A78-B581-ADA8B3D28770}"
EndProject
Project("{FAE04EC0-301F-11D3-BF4B-00C04F79EFBC}") = "1_18_Async_and_Await", "Chapter1\1_18_Async_and_Await\1_18_Async_and_Await.csproj", "{FA3EC9C7-3260-4115-BEA8-0BBC7A966CBF}"
EndProject
Project("{2150E333-8FDC-42A3-9474-1A3956D46DE8}") = "Objective 1.1 ", "Objective 1.1 ", "{4936B19A-C7E0-404E-8948-44FE9759E32B}"
EndProject
Project("{2150E333-8FDC-42A3-9474-1A3956D46DE8}") = "Objective 1.2", "Objective 1.2", "{27CAED1D-609B-4FE3-8FE5-90A3BA2B09B1}"
EndProject
Project("{FAE04EC0-301F-11D3-BF4B-00C04F79EFBC}") = "1_35_AccesingSharedData", "1_35_AccesingSharedData\1_35_AccesingSharedData.csproj", "{A9A54DC8-38A2-4177-B993-00F7D05B1D4E}"
EndProject
Project("{2150E333-8FDC-42A3-9474-1A3956D46DE8}") = "Objective 2.3 Enforcing Encapsulation", "Objective 2.3 Enforcing Encapsulation", "{B3E1A79B-D3DD-4BAB-9D0A-BF6AC6E579B5}"
EndProject
Project("{FAE04EC0-301F-11D3-BF4B-00C04F79EFBC}") = "2.3.1", "2.3.1\2.3.1.csproj", "{4F7EAC98-B1EC-4941-94E3-9A80E6478492}"
EndProject
Project("{FAE04EC0-301F-11D3-BF4B-00C04F79EFBC}") = "EyeTest", "2.3.1\EyeTest\EyeTest.csproj", "{D04CDD21-436E-48BA-B2CC-ACE9A710D1D0}"
EndProject
Project("{FAE04EC0-301F-11D3-BF4B-00C04F79EFBC}") = "2.4.1_Create_and_Implement_Class_Hierachy", "2.4_Create_and_Implement_Class_Hierachy\2.4.1_Create_and_Implement_Class_Hierachy.csproj", "{CA071813-D313-4169-A81D-B1D502070DBF}"
EndProject
Project("{2150E333-8FDC-42A3-9474-1A3956D46DE8}") = "Objective 2.4", "Objective 2.4", "{09DEE838-27A8-4B92-AA5C-0E5312C4D2A7}"
EndProject
Project("{FAE04EC0-301F-11D3-BF4B-00C04F79EFBC}") = "2.4.2", "2.4_Create_and_Implement_Class_Hierachy\2.4.2\2.4.2.csproj", "{348BB09D-A36C-4197-9617-9C12AEA92F0C}"
EndProject
Project("{2150E333-8FDC-42A3-9474-1A3956D46DE8}") = "Other", "Other", "{47BD8D66-90CF-462C-B9F1-D22799CC45B9}"
EndProject
Project("{FAE04EC0-301F-11D3-BF4B-00C04F79EFBC}") = "PassLeader", "PassLeader\PassLeader.csproj", "{A4DD7D74-B89F-4EA1-9F21-8D8018F48053}"
EndProject
Project("{FAE04EC0-301F-11D3-BF4B-00C04F79EFBC}") = "EndOfBasics", "EndOfBasics\EndOfBasics.csproj", "{F3545AAF-3E24-4217-B74D-6F3644625ACB}"
EndProject
Global
	GlobalSection(SolutionConfigurationPlatforms) = preSolution
		Debug|Android = Debug|Android
		Debug|Any CPU = Debug|Any CPU
		Debug|iOS = Debug|iOS
		Debug|Windows-ARM = Debug|Windows-ARM
		Debug|Windows-x64 = Debug|Windows-x64
		Debug|Windows-x86 = Debug|Windows-x86
		Release|Android = Release|Android
		Release|Any CPU = Release|Any CPU
		Release|iOS = Release|iOS
		Release|Windows-ARM = Release|Windows-ARM
		Release|Windows-x64 = Release|Windows-x64
		Release|Windows-x86 = Release|Windows-x86
	EndGlobalSection
	GlobalSection(ProjectConfigurationPlatforms) = postSolution
		{26290BBF-9F9A-45EF-B52A-9D460CD57356}.Debug|Android.ActiveCfg = Debug|Any CPU
		{26290BBF-9F9A-45EF-B52A-9D460CD57356}.Debug|Android.Build.0 = Debug|Any CPU
		{26290BBF-9F9A-45EF-B52A-9D460CD57356}.Debug|Any CPU.ActiveCfg = Debug|Any CPU
		{26290BBF-9F9A-45EF-B52A-9D460CD57356}.Debug|Any CPU.Build.0 = Debug|Any CPU
		{26290BBF-9F9A-45EF-B52A-9D460CD57356}.Debug|iOS.ActiveCfg = Debug|Any CPU
		{26290BBF-9F9A-45EF-B52A-9D460CD57356}.Debug|iOS.Build.0 = Debug|Any CPU
		{26290BBF-9F9A-45EF-B52A-9D460CD57356}.Debug|Windows-ARM.ActiveCfg = Debug|Any CPU
		{26290BBF-9F9A-45EF-B52A-9D460CD57356}.Debug|Windows-ARM.Build.0 = Debug|Any CPU
		{26290BBF-9F9A-45EF-B52A-9D460CD57356}.Debug|Windows-x64.ActiveCfg = Debug|Any CPU
		{26290BBF-9F9A-45EF-B52A-9D460CD57356}.Debug|Windows-x64.Build.0 = Debug|Any CPU
		{26290BBF-9F9A-45EF-B52A-9D460CD57356}.Debug|Windows-x86.ActiveCfg = Debug|Any CPU
		{26290BBF-9F9A-45EF-B52A-9D460CD57356}.Debug|Windows-x86.Build.0 = Debug|Any CPU
		{26290BBF-9F9A-45EF-B52A-9D460CD57356}.Release|Android.ActiveCfg = Release|Any CPU
		{26290BBF-9F9A-45EF-B52A-9D460CD57356}.Release|Android.Build.0 = Release|Any CPU
		{26290BBF-9F9A-45EF-B52A-9D460CD57356}.Release|Any CPU.ActiveCfg = Release|Any CPU
		{26290BBF-9F9A-45EF-B52A-9D460CD57356}.Release|Any CPU.Build.0 = Release|Any CPU
		{26290BBF-9F9A-45EF-B52A-9D460CD57356}.Release|iOS.ActiveCfg = Release|Any CPU
		{26290BBF-9F9A-45EF-B52A-9D460CD57356}.Release|iOS.Build.0 = Release|Any CPU
		{26290BBF-9F9A-45EF-B52A-9D460CD57356}.Release|Windows-ARM.ActiveCfg = Release|Any CPU
		{26290BBF-9F9A-45EF-B52A-9D460CD57356}.Release|Windows-ARM.Build.0 = Release|Any CPU
		{26290BBF-9F9A-45EF-B52A-9D460CD57356}.Release|Windows-x64.ActiveCfg = Release|Any CPU
		{26290BBF-9F9A-45EF-B52A-9D460CD57356}.Release|Windows-x64.Build.0 = Release|Any CPU
		{26290BBF-9F9A-45EF-B52A-9D460CD57356}.Release|Windows-x86.ActiveCfg = Release|Any CPU
		{26290BBF-9F9A-45EF-B52A-9D460CD57356}.Release|Windows-x86.Build.0 = Release|Any CPU
		{8F486DAA-646C-4AA4-967D-5038193196AD}.Debug|Android.ActiveCfg = Debug|Any CPU
		{8F486DAA-646C-4AA4-967D-5038193196AD}.Debug|Android.Build.0 = Debug|Any CPU
		{8F486DAA-646C-4AA4-967D-5038193196AD}.Debug|Any CPU.ActiveCfg = Debug|Any CPU
		{8F486DAA-646C-4AA4-967D-5038193196AD}.Debug|Any CPU.Build.0 = Debug|Any CPU
		{8F486DAA-646C-4AA4-967D-5038193196AD}.Debug|iOS.ActiveCfg = Debug|Any CPU
		{8F486DAA-646C-4AA4-967D-5038193196AD}.Debug|iOS.Build.0 = Debug|Any CPU
		{8F486DAA-646C-4AA4-967D-5038193196AD}.Debug|Windows-ARM.ActiveCfg = Debug|Any CPU
		{8F486DAA-646C-4AA4-967D-5038193196AD}.Debug|Windows-ARM.Build.0 = Debug|Any CPU
		{8F486DAA-646C-4AA4-967D-5038193196AD}.Debug|Windows-x64.ActiveCfg = Debug|Any CPU
		{8F486DAA-646C-4AA4-967D-5038193196AD}.Debug|Windows-x64.Build.0 = Debug|Any CPU
		{8F486DAA-646C-4AA4-967D-5038193196AD}.Debug|Windows-x86.ActiveCfg = Debug|Any CPU
		{8F486DAA-646C-4AA4-967D-5038193196AD}.Debug|Windows-x86.Build.0 = Debug|Any CPU
		{8F486DAA-646C-4AA4-967D-5038193196AD}.Release|Android.ActiveCfg = Release|Any CPU
		{8F486DAA-646C-4AA4-967D-5038193196AD}.Release|Android.Build.0 = Release|Any CPU
		{8F486DAA-646C-4AA4-967D-5038193196AD}.Release|Any CPU.ActiveCfg = Release|Any CPU
		{8F486DAA-646C-4AA4-967D-5038193196AD}.Release|Any CPU.Build.0 = Release|Any CPU
		{8F486DAA-646C-4AA4-967D-5038193196AD}.Release|iOS.ActiveCfg = Release|Any CPU
		{8F486DAA-646C-4AA4-967D-5038193196AD}.Release|iOS.Build.0 = Release|Any CPU
		{8F486DAA-646C-4AA4-967D-5038193196AD}.Release|Windows-ARM.ActiveCfg = Release|Any CPU
		{8F486DAA-646C-4AA4-967D-5038193196AD}.Release|Windows-ARM.Build.0 = Release|Any CPU
		{8F486DAA-646C-4AA4-967D-5038193196AD}.Release|Windows-x64.ActiveCfg = Release|Any CPU
		{8F486DAA-646C-4AA4-967D-5038193196AD}.Release|Windows-x64.Build.0 = Release|Any CPU
		{8F486DAA-646C-4AA4-967D-5038193196AD}.Release|Windows-x86.ActiveCfg = Release|Any CPU
		{8F486DAA-646C-4AA4-967D-5038193196AD}.Release|Windows-x86.Build.0 = Release|Any CPU
		{F3507198-110E-4438-9830-E44B7B8AF8CF}.Debug|Android.ActiveCfg = Debug|Any CPU
		{F3507198-110E-4438-9830-E44B7B8AF8CF}.Debug|Android.Build.0 = Debug|Any CPU
		{F3507198-110E-4438-9830-E44B7B8AF8CF}.Debug|Any CPU.ActiveCfg = Debug|Any CPU
		{F3507198-110E-4438-9830-E44B7B8AF8CF}.Debug|Any CPU.Build.0 = Debug|Any CPU
		{F3507198-110E-4438-9830-E44B7B8AF8CF}.Debug|iOS.ActiveCfg = Debug|Any CPU
		{F3507198-110E-4438-9830-E44B7B8AF8CF}.Debug|iOS.Build.0 = Debug|Any CPU
		{F3507198-110E-4438-9830-E44B7B8AF8CF}.Debug|Windows-ARM.ActiveCfg = Debug|Any CPU
		{F3507198-110E-4438-9830-E44B7B8AF8CF}.Debug|Windows-ARM.Build.0 = Debug|Any CPU
		{F3507198-110E-4438-9830-E44B7B8AF8CF}.Debug|Windows-x64.ActiveCfg = Debug|Any CPU
		{F3507198-110E-4438-9830-E44B7B8AF8CF}.Debug|Windows-x64.Build.0 = Debug|Any CPU
		{F3507198-110E-4438-9830-E44B7B8AF8CF}.Debug|Windows-x86.ActiveCfg = Debug|Any CPU
		{F3507198-110E-4438-9830-E44B7B8AF8CF}.Debug|Windows-x86.Build.0 = Debug|Any CPU
		{F3507198-110E-4438-9830-E44B7B8AF8CF}.Release|Android.ActiveCfg = Release|Any CPU
		{F3507198-110E-4438-9830-E44B7B8AF8CF}.Release|Android.Build.0 = Release|Any CPU
		{F3507198-110E-4438-9830-E44B7B8AF8CF}.Release|Any CPU.ActiveCfg = Release|Any CPU
		{F3507198-110E-4438-9830-E44B7B8AF8CF}.Release|Any CPU.Build.0 = Release|Any CPU
		{F3507198-110E-4438-9830-E44B7B8AF8CF}.Release|iOS.ActiveCfg = Release|Any CPU
		{F3507198-110E-4438-9830-E44B7B8AF8CF}.Release|iOS.Build.0 = Release|Any CPU
		{F3507198-110E-4438-9830-E44B7B8AF8CF}.Release|Windows-ARM.ActiveCfg = Release|Any CPU
		{F3507198-110E-4438-9830-E44B7B8AF8CF}.Release|Windows-ARM.Build.0 = Release|Any CPU
		{F3507198-110E-4438-9830-E44B7B8AF8CF}.Release|Windows-x64.ActiveCfg = Release|Any CPU
		{F3507198-110E-4438-9830-E44B7B8AF8CF}.Release|Windows-x64.Build.0 = Release|Any CPU
		{F3507198-110E-4438-9830-E44B7B8AF8CF}.Release|Windows-x86.ActiveCfg = Release|Any CPU
		{F3507198-110E-4438-9830-E44B7B8AF8CF}.Release|Windows-x86.Build.0 = Release|Any CPU
		{E22A69F6-A9E9-493A-B6DD-A7DE9A6EC20C}.Debug|Android.ActiveCfg = Debug|Any CPU
		{E22A69F6-A9E9-493A-B6DD-A7DE9A6EC20C}.Debug|Android.Build.0 = Debug|Any CPU
		{E22A69F6-A9E9-493A-B6DD-A7DE9A6EC20C}.Debug|Any CPU.ActiveCfg = Debug|Any CPU
		{E22A69F6-A9E9-493A-B6DD-A7DE9A6EC20C}.Debug|Any CPU.Build.0 = Debug|Any CPU
		{E22A69F6-A9E9-493A-B6DD-A7DE9A6EC20C}.Debug|iOS.ActiveCfg = Debug|Any CPU
		{E22A69F6-A9E9-493A-B6DD-A7DE9A6EC20C}.Debug|iOS.Build.0 = Debug|Any CPU
		{E22A69F6-A9E9-493A-B6DD-A7DE9A6EC20C}.Debug|Windows-ARM.ActiveCfg = Debug|Any CPU
		{E22A69F6-A9E9-493A-B6DD-A7DE9A6EC20C}.Debug|Windows-ARM.Build.0 = Debug|Any CPU
		{E22A69F6-A9E9-493A-B6DD-A7DE9A6EC20C}.Debug|Windows-x64.ActiveCfg = Debug|Any CPU
		{E22A69F6-A9E9-493A-B6DD-A7DE9A6EC20C}.Debug|Windows-x64.Build.0 = Debug|Any CPU
		{E22A69F6-A9E9-493A-B6DD-A7DE9A6EC20C}.Debug|Windows-x86.ActiveCfg = Debug|Any CPU
		{E22A69F6-A9E9-493A-B6DD-A7DE9A6EC20C}.Debug|Windows-x86.Build.0 = Debug|Any CPU
		{E22A69F6-A9E9-493A-B6DD-A7DE9A6EC20C}.Release|Android.ActiveCfg = Release|Any CPU
		{E22A69F6-A9E9-493A-B6DD-A7DE9A6EC20C}.Release|Android.Build.0 = Release|Any CPU
		{E22A69F6-A9E9-493A-B6DD-A7DE9A6EC20C}.Release|Any CPU.ActiveCfg = Release|Any CPU
		{E22A69F6-A9E9-493A-B6DD-A7DE9A6EC20C}.Release|Any CPU.Build.0 = Release|Any CPU
		{E22A69F6-A9E9-493A-B6DD-A7DE9A6EC20C}.Release|iOS.ActiveCfg = Release|Any CPU
		{E22A69F6-A9E9-493A-B6DD-A7DE9A6EC20C}.Release|iOS.Build.0 = Release|Any CPU
		{E22A69F6-A9E9-493A-B6DD-A7DE9A6EC20C}.Release|Windows-ARM.ActiveCfg = Release|Any CPU
		{E22A69F6-A9E9-493A-B6DD-A7DE9A6EC20C}.Release|Windows-ARM.Build.0 = Release|Any CPU
		{E22A69F6-A9E9-493A-B6DD-A7DE9A6EC20C}.Release|Windows-x64.ActiveCfg = Release|Any CPU
		{E22A69F6-A9E9-493A-B6DD-A7DE9A6EC20C}.Release|Windows-x64.Build.0 = Release|Any CPU
		{E22A69F6-A9E9-493A-B6DD-A7DE9A6EC20C}.Release|Windows-x86.ActiveCfg = Release|Any CPU
		{E22A69F6-A9E9-493A-B6DD-A7DE9A6EC20C}.Release|Windows-x86.Build.0 = Release|Any CPU
		{7FAD0B12-615E-4F3C-BB86-32E6924C3DD6}.Debug|Android.ActiveCfg = Debug|Any CPU
		{7FAD0B12-615E-4F3C-BB86-32E6924C3DD6}.Debug|Android.Build.0 = Debug|Any CPU
		{7FAD0B12-615E-4F3C-BB86-32E6924C3DD6}.Debug|Any CPU.ActiveCfg = Debug|Any CPU
		{7FAD0B12-615E-4F3C-BB86-32E6924C3DD6}.Debug|Any CPU.Build.0 = Debug|Any CPU
		{7FAD0B12-615E-4F3C-BB86-32E6924C3DD6}.Debug|iOS.ActiveCfg = Debug|Any CPU
		{7FAD0B12-615E-4F3C-BB86-32E6924C3DD6}.Debug|iOS.Build.0 = Debug|Any CPU
		{7FAD0B12-615E-4F3C-BB86-32E6924C3DD6}.Debug|Windows-ARM.ActiveCfg = Debug|Any CPU
		{7FAD0B12-615E-4F3C-BB86-32E6924C3DD6}.Debug|Windows-ARM.Build.0 = Debug|Any CPU
		{7FAD0B12-615E-4F3C-BB86-32E6924C3DD6}.Debug|Windows-x64.ActiveCfg = Debug|Any CPU
		{7FAD0B12-615E-4F3C-BB86-32E6924C3DD6}.Debug|Windows-x64.Build.0 = Debug|Any CPU
		{7FAD0B12-615E-4F3C-BB86-32E6924C3DD6}.Debug|Windows-x86.ActiveCfg = Debug|Any CPU
		{7FAD0B12-615E-4F3C-BB86-32E6924C3DD6}.Debug|Windows-x86.Build.0 = Debug|Any CPU
		{7FAD0B12-615E-4F3C-BB86-32E6924C3DD6}.Release|Android.ActiveCfg = Release|Any CPU
		{7FAD0B12-615E-4F3C-BB86-32E6924C3DD6}.Release|Android.Build.0 = Release|Any CPU
		{7FAD0B12-615E-4F3C-BB86-32E6924C3DD6}.Release|Any CPU.ActiveCfg = Release|Any CPU
		{7FAD0B12-615E-4F3C-BB86-32E6924C3DD6}.Release|Any CPU.Build.0 = Release|Any CPU
		{7FAD0B12-615E-4F3C-BB86-32E6924C3DD6}.Release|iOS.ActiveCfg = Release|Any CPU
		{7FAD0B12-615E-4F3C-BB86-32E6924C3DD6}.Release|iOS.Build.0 = Release|Any CPU
		{7FAD0B12-615E-4F3C-BB86-32E6924C3DD6}.Release|Windows-ARM.ActiveCfg = Release|Any CPU
		{7FAD0B12-615E-4F3C-BB86-32E6924C3DD6}.Release|Windows-ARM.Build.0 = Release|Any CPU
		{7FAD0B12-615E-4F3C-BB86-32E6924C3DD6}.Release|Windows-x64.ActiveCfg = Release|Any CPU
		{7FAD0B12-615E-4F3C-BB86-32E6924C3DD6}.Release|Windows-x64.Build.0 = Release|Any CPU
		{7FAD0B12-615E-4F3C-BB86-32E6924C3DD6}.Release|Windows-x86.ActiveCfg = Release|Any CPU
		{7FAD0B12-615E-4F3C-BB86-32E6924C3DD6}.Release|Windows-x86.Build.0 = Release|Any CPU
		{1C7AB5FB-08E2-44DD-B7BA-0A5F96295677}.Debug|Android.ActiveCfg = Debug|Any CPU
		{1C7AB5FB-08E2-44DD-B7BA-0A5F96295677}.Debug|Android.Build.0 = Debug|Any CPU
		{1C7AB5FB-08E2-44DD-B7BA-0A5F96295677}.Debug|Any CPU.ActiveCfg = Debug|Any CPU
		{1C7AB5FB-08E2-44DD-B7BA-0A5F96295677}.Debug|Any CPU.Build.0 = Debug|Any CPU
		{1C7AB5FB-08E2-44DD-B7BA-0A5F96295677}.Debug|iOS.ActiveCfg = Debug|Any CPU
		{1C7AB5FB-08E2-44DD-B7BA-0A5F96295677}.Debug|iOS.Build.0 = Debug|Any CPU
		{1C7AB5FB-08E2-44DD-B7BA-0A5F96295677}.Debug|Windows-ARM.ActiveCfg = Debug|Any CPU
		{1C7AB5FB-08E2-44DD-B7BA-0A5F96295677}.Debug|Windows-ARM.Build.0 = Debug|Any CPU
		{1C7AB5FB-08E2-44DD-B7BA-0A5F96295677}.Debug|Windows-x64.ActiveCfg = Debug|Any CPU
		{1C7AB5FB-08E2-44DD-B7BA-0A5F96295677}.Debug|Windows-x64.Build.0 = Debug|Any CPU
		{1C7AB5FB-08E2-44DD-B7BA-0A5F96295677}.Debug|Windows-x86.ActiveCfg = Debug|Any CPU
		{1C7AB5FB-08E2-44DD-B7BA-0A5F96295677}.Debug|Windows-x86.Build.0 = Debug|Any CPU
		{1C7AB5FB-08E2-44DD-B7BA-0A5F96295677}.Release|Android.ActiveCfg = Release|Any CPU
		{1C7AB5FB-08E2-44DD-B7BA-0A5F96295677}.Release|Android.Build.0 = Release|Any CPU
		{1C7AB5FB-08E2-44DD-B7BA-0A5F96295677}.Release|Any CPU.ActiveCfg = Release|Any CPU
		{1C7AB5FB-08E2-44DD-B7BA-0A5F96295677}.Release|Any CPU.Build.0 = Release|Any CPU
		{1C7AB5FB-08E2-44DD-B7BA-0A5F96295677}.Release|iOS.ActiveCfg = Release|Any CPU
		{1C7AB5FB-08E2-44DD-B7BA-0A5F96295677}.Release|iOS.Build.0 = Release|Any CPU
		{1C7AB5FB-08E2-44DD-B7BA-0A5F96295677}.Release|Windows-ARM.ActiveCfg = Release|Any CPU
		{1C7AB5FB-08E2-44DD-B7BA-0A5F96295677}.Release|Windows-ARM.Build.0 = Release|Any CPU
		{1C7AB5FB-08E2-44DD-B7BA-0A5F96295677}.Release|Windows-x64.ActiveCfg = Release|Any CPU
		{1C7AB5FB-08E2-44DD-B7BA-0A5F96295677}.Release|Windows-x64.Build.0 = Release|Any CPU
		{1C7AB5FB-08E2-44DD-B7BA-0A5F96295677}.Release|Windows-x86.ActiveCfg = Release|Any CPU
		{1C7AB5FB-08E2-44DD-B7BA-0A5F96295677}.Release|Windows-x86.Build.0 = Release|Any CPU
		{DE22417E-CE2F-4278-9F23-CA87F520AE02}.Debug|Android.ActiveCfg = Debug|Any CPU
		{DE22417E-CE2F-4278-9F23-CA87F520AE02}.Debug|Android.Build.0 = Debug|Any CPU
		{DE22417E-CE2F-4278-9F23-CA87F520AE02}.Debug|Any CPU.ActiveCfg = Debug|Any CPU
		{DE22417E-CE2F-4278-9F23-CA87F520AE02}.Debug|Any CPU.Build.0 = Debug|Any CPU
		{DE22417E-CE2F-4278-9F23-CA87F520AE02}.Debug|iOS.ActiveCfg = Debug|Any CPU
		{DE22417E-CE2F-4278-9F23-CA87F520AE02}.Debug|iOS.Build.0 = Debug|Any CPU
		{DE22417E-CE2F-4278-9F23-CA87F520AE02}.Debug|Windows-ARM.ActiveCfg = Debug|Any CPU
		{DE22417E-CE2F-4278-9F23-CA87F520AE02}.Debug|Windows-ARM.Build.0 = Debug|Any CPU
		{DE22417E-CE2F-4278-9F23-CA87F520AE02}.Debug|Windows-x64.ActiveCfg = Debug|Any CPU
		{DE22417E-CE2F-4278-9F23-CA87F520AE02}.Debug|Windows-x64.Build.0 = Debug|Any CPU
		{DE22417E-CE2F-4278-9F23-CA87F520AE02}.Debug|Windows-x86.ActiveCfg = Debug|Any CPU
		{DE22417E-CE2F-4278-9F23-CA87F520AE02}.Debug|Windows-x86.Build.0 = Debug|Any CPU
		{DE22417E-CE2F-4278-9F23-CA87F520AE02}.Release|Android.ActiveCfg = Release|Any CPU
		{DE22417E-CE2F-4278-9F23-CA87F520AE02}.Release|Android.Build.0 = Release|Any CPU
		{DE22417E-CE2F-4278-9F23-CA87F520AE02}.Release|Any CPU.ActiveCfg = Release|Any CPU
		{DE22417E-CE2F-4278-9F23-CA87F520AE02}.Release|Any CPU.Build.0 = Release|Any CPU
		{DE22417E-CE2F-4278-9F23-CA87F520AE02}.Release|iOS.ActiveCfg = Release|Any CPU
		{DE22417E-CE2F-4278-9F23-CA87F520AE02}.Release|iOS.Build.0 = Release|Any CPU
		{DE22417E-CE2F-4278-9F23-CA87F520AE02}.Release|Windows-ARM.ActiveCfg = Release|Any CPU
		{DE22417E-CE2F-4278-9F23-CA87F520AE02}.Release|Windows-ARM.Build.0 = Release|Any CPU
		{DE22417E-CE2F-4278-9F23-CA87F520AE02}.Release|Windows-x64.ActiveCfg = Release|Any CPU
		{DE22417E-CE2F-4278-9F23-CA87F520AE02}.Release|Windows-x64.Build.0 = Release|Any CPU
		{DE22417E-CE2F-4278-9F23-CA87F520AE02}.Release|Windows-x86.ActiveCfg = Release|Any CPU
		{DE22417E-CE2F-4278-9F23-CA87F520AE02}.Release|Windows-x86.Build.0 = Release|Any CPU
		{9BF53DEF-99FA-4B79-9327-0ADCAD252B35}.Debug|Android.ActiveCfg = Debug|Any CPU
		{9BF53DEF-99FA-4B79-9327-0ADCAD252B35}.Debug|Android.Build.0 = Debug|Any CPU
		{9BF53DEF-99FA-4B79-9327-0ADCAD252B35}.Debug|Any CPU.ActiveCfg = Debug|Any CPU
		{9BF53DEF-99FA-4B79-9327-0ADCAD252B35}.Debug|Any CPU.Build.0 = Debug|Any CPU
		{9BF53DEF-99FA-4B79-9327-0ADCAD252B35}.Debug|iOS.ActiveCfg = Debug|Any CPU
		{9BF53DEF-99FA-4B79-9327-0ADCAD252B35}.Debug|iOS.Build.0 = Debug|Any CPU
		{9BF53DEF-99FA-4B79-9327-0ADCAD252B35}.Debug|Windows-ARM.ActiveCfg = Debug|Any CPU
		{9BF53DEF-99FA-4B79-9327-0ADCAD252B35}.Debug|Windows-ARM.Build.0 = Debug|Any CPU
		{9BF53DEF-99FA-4B79-9327-0ADCAD252B35}.Debug|Windows-x64.ActiveCfg = Debug|Any CPU
		{9BF53DEF-99FA-4B79-9327-0ADCAD252B35}.Debug|Windows-x64.Build.0 = Debug|Any CPU
		{9BF53DEF-99FA-4B79-9327-0ADCAD252B35}.Debug|Windows-x86.ActiveCfg = Debug|Any CPU
		{9BF53DEF-99FA-4B79-9327-0ADCAD252B35}.Debug|Windows-x86.Build.0 = Debug|Any CPU
		{9BF53DEF-99FA-4B79-9327-0ADCAD252B35}.Release|Android.ActiveCfg = Release|Any CPU
		{9BF53DEF-99FA-4B79-9327-0ADCAD252B35}.Release|Android.Build.0 = Release|Any CPU
		{9BF53DEF-99FA-4B79-9327-0ADCAD252B35}.Release|Any CPU.ActiveCfg = Release|Any CPU
		{9BF53DEF-99FA-4B79-9327-0ADCAD252B35}.Release|Any CPU.Build.0 = Release|Any CPU
		{9BF53DEF-99FA-4B79-9327-0ADCAD252B35}.Release|iOS.ActiveCfg = Release|Any CPU
		{9BF53DEF-99FA-4B79-9327-0ADCAD252B35}.Release|iOS.Build.0 = Release|Any CPU
		{9BF53DEF-99FA-4B79-9327-0ADCAD252B35}.Release|Windows-ARM.ActiveCfg = Release|Any CPU
		{9BF53DEF-99FA-4B79-9327-0ADCAD252B35}.Release|Windows-ARM.Build.0 = Release|Any CPU
		{9BF53DEF-99FA-4B79-9327-0ADCAD252B35}.Release|Windows-x64.ActiveCfg = Release|Any CPU
		{9BF53DEF-99FA-4B79-9327-0ADCAD252B35}.Release|Windows-x64.Build.0 = Release|Any CPU
		{9BF53DEF-99FA-4B79-9327-0ADCAD252B35}.Release|Windows-x86.ActiveCfg = Release|Any CPU
		{9BF53DEF-99FA-4B79-9327-0ADCAD252B35}.Release|Windows-x86.Build.0 = Release|Any CPU
		{853583A6-B007-473C-92A3-56ACB8341CCD}.Debug|Android.ActiveCfg = Debug|Any CPU
		{853583A6-B007-473C-92A3-56ACB8341CCD}.Debug|Android.Build.0 = Debug|Any CPU
		{853583A6-B007-473C-92A3-56ACB8341CCD}.Debug|Any CPU.ActiveCfg = Debug|Any CPU
		{853583A6-B007-473C-92A3-56ACB8341CCD}.Debug|Any CPU.Build.0 = Debug|Any CPU
		{853583A6-B007-473C-92A3-56ACB8341CCD}.Debug|iOS.ActiveCfg = Debug|Any CPU
		{853583A6-B007-473C-92A3-56ACB8341CCD}.Debug|iOS.Build.0 = Debug|Any CPU
		{853583A6-B007-473C-92A3-56ACB8341CCD}.Debug|Windows-ARM.ActiveCfg = Debug|Any CPU
		{853583A6-B007-473C-92A3-56ACB8341CCD}.Debug|Windows-ARM.Build.0 = Debug|Any CPU
		{853583A6-B007-473C-92A3-56ACB8341CCD}.Debug|Windows-x64.ActiveCfg = Debug|Any CPU
		{853583A6-B007-473C-92A3-56ACB8341CCD}.Debug|Windows-x64.Build.0 = Debug|Any CPU
		{853583A6-B007-473C-92A3-56ACB8341CCD}.Debug|Windows-x86.ActiveCfg = Debug|Any CPU
		{853583A6-B007-473C-92A3-56ACB8341CCD}.Debug|Windows-x86.Build.0 = Debug|Any CPU
		{853583A6-B007-473C-92A3-56ACB8341CCD}.Release|Android.ActiveCfg = Release|Any CPU
		{853583A6-B007-473C-92A3-56ACB8341CCD}.Release|Android.Build.0 = Release|Any CPU
		{853583A6-B007-473C-92A3-56ACB8341CCD}.Release|Any CPU.ActiveCfg = Release|Any CPU
		{853583A6-B007-473C-92A3-56ACB8341CCD}.Release|Any CPU.Build.0 = Release|Any CPU
		{853583A6-B007-473C-92A3-56ACB8341CCD}.Release|iOS.ActiveCfg = Release|Any CPU
		{853583A6-B007-473C-92A3-56ACB8341CCD}.Release|iOS.Build.0 = Release|Any CPU
		{853583A6-B007-473C-92A3-56ACB8341CCD}.Release|Windows-ARM.ActiveCfg = Release|Any CPU
		{853583A6-B007-473C-92A3-56ACB8341CCD}.Release|Windows-ARM.Build.0 = Release|Any CPU
		{853583A6-B007-473C-92A3-56ACB8341CCD}.Release|Windows-x64.ActiveCfg = Release|Any CPU
		{853583A6-B007-473C-92A3-56ACB8341CCD}.Release|Windows-x64.Build.0 = Release|Any CPU
		{853583A6-B007-473C-92A3-56ACB8341CCD}.Release|Windows-x86.ActiveCfg = Release|Any CPU
		{853583A6-B007-473C-92A3-56ACB8341CCD}.Release|Windows-x86.Build.0 = Release|Any CPU
		{275CEF1B-E7EA-4C0F-AF65-20DC27EF8A16}.Debug|Android.ActiveCfg = Debug|Any CPU
		{275CEF1B-E7EA-4C0F-AF65-20DC27EF8A16}.Debug|Android.Build.0 = Debug|Any CPU
		{275CEF1B-E7EA-4C0F-AF65-20DC27EF8A16}.Debug|Any CPU.ActiveCfg = Debug|Any CPU
		{275CEF1B-E7EA-4C0F-AF65-20DC27EF8A16}.Debug|Any CPU.Build.0 = Debug|Any CPU
		{275CEF1B-E7EA-4C0F-AF65-20DC27EF8A16}.Debug|iOS.ActiveCfg = Debug|Any CPU
		{275CEF1B-E7EA-4C0F-AF65-20DC27EF8A16}.Debug|iOS.Build.0 = Debug|Any CPU
		{275CEF1B-E7EA-4C0F-AF65-20DC27EF8A16}.Debug|Windows-ARM.ActiveCfg = Debug|Any CPU
		{275CEF1B-E7EA-4C0F-AF65-20DC27EF8A16}.Debug|Windows-ARM.Build.0 = Debug|Any CPU
		{275CEF1B-E7EA-4C0F-AF65-20DC27EF8A16}.Debug|Windows-x64.ActiveCfg = Debug|Any CPU
		{275CEF1B-E7EA-4C0F-AF65-20DC27EF8A16}.Debug|Windows-x64.Build.0 = Debug|Any CPU
		{275CEF1B-E7EA-4C0F-AF65-20DC27EF8A16}.Debug|Windows-x86.ActiveCfg = Debug|Any CPU
		{275CEF1B-E7EA-4C0F-AF65-20DC27EF8A16}.Debug|Windows-x86.Build.0 = Debug|Any CPU
		{275CEF1B-E7EA-4C0F-AF65-20DC27EF8A16}.Release|Android.ActiveCfg = Release|Any CPU
		{275CEF1B-E7EA-4C0F-AF65-20DC27EF8A16}.Release|Android.Build.0 = Release|Any CPU
		{275CEF1B-E7EA-4C0F-AF65-20DC27EF8A16}.Release|Any CPU.ActiveCfg = Release|Any CPU
		{275CEF1B-E7EA-4C0F-AF65-20DC27EF8A16}.Release|Any CPU.Build.0 = Release|Any CPU
		{275CEF1B-E7EA-4C0F-AF65-20DC27EF8A16}.Release|iOS.ActiveCfg = Release|Any CPU
		{275CEF1B-E7EA-4C0F-AF65-20DC27EF8A16}.Release|iOS.Build.0 = Release|Any CPU
		{275CEF1B-E7EA-4C0F-AF65-20DC27EF8A16}.Release|Windows-ARM.ActiveCfg = Release|Any CPU
		{275CEF1B-E7EA-4C0F-AF65-20DC27EF8A16}.Release|Windows-ARM.Build.0 = Release|Any CPU
		{275CEF1B-E7EA-4C0F-AF65-20DC27EF8A16}.Release|Windows-x64.ActiveCfg = Release|Any CPU
		{275CEF1B-E7EA-4C0F-AF65-20DC27EF8A16}.Release|Windows-x64.Build.0 = Release|Any CPU
		{275CEF1B-E7EA-4C0F-AF65-20DC27EF8A16}.Release|Windows-x86.ActiveCfg = Release|Any CPU
		{275CEF1B-E7EA-4C0F-AF65-20DC27EF8A16}.Release|Windows-x86.Build.0 = Release|Any CPU
		{4F333282-41D5-48A4-8B98-E3683077CCC9}.Debug|Android.ActiveCfg = Debug|Any CPU
		{4F333282-41D5-48A4-8B98-E3683077CCC9}.Debug|Android.Build.0 = Debug|Any CPU
		{4F333282-41D5-48A4-8B98-E3683077CCC9}.Debug|Any CPU.ActiveCfg = Debug|Any CPU
		{4F333282-41D5-48A4-8B98-E3683077CCC9}.Debug|Any CPU.Build.0 = Debug|Any CPU
		{4F333282-41D5-48A4-8B98-E3683077CCC9}.Debug|iOS.ActiveCfg = Debug|Any CPU
		{4F333282-41D5-48A4-8B98-E3683077CCC9}.Debug|iOS.Build.0 = Debug|Any CPU
		{4F333282-41D5-48A4-8B98-E3683077CCC9}.Debug|Windows-ARM.ActiveCfg = Debug|Any CPU
		{4F333282-41D5-48A4-8B98-E3683077CCC9}.Debug|Windows-ARM.Build.0 = Debug|Any CPU
		{4F333282-41D5-48A4-8B98-E3683077CCC9}.Debug|Windows-x64.ActiveCfg = Debug|Any CPU
		{4F333282-41D5-48A4-8B98-E3683077CCC9}.Debug|Windows-x64.Build.0 = Debug|Any CPU
		{4F333282-41D5-48A4-8B98-E3683077CCC9}.Debug|Windows-x86.ActiveCfg = Debug|Any CPU
		{4F333282-41D5-48A4-8B98-E3683077CCC9}.Debug|Windows-x86.Build.0 = Debug|Any CPU
		{4F333282-41D5-48A4-8B98-E3683077CCC9}.Release|Android.ActiveCfg = Release|Any CPU
		{4F333282-41D5-48A4-8B98-E3683077CCC9}.Release|Android.Build.0 = Release|Any CPU
		{4F333282-41D5-48A4-8B98-E3683077CCC9}.Release|Any CPU.ActiveCfg = Release|Any CPU
		{4F333282-41D5-48A4-8B98-E3683077CCC9}.Release|Any CPU.Build.0 = Release|Any CPU
		{4F333282-41D5-48A4-8B98-E3683077CCC9}.Release|iOS.ActiveCfg = Release|Any CPU
		{4F333282-41D5-48A4-8B98-E3683077CCC9}.Release|iOS.Build.0 = Release|Any CPU
		{4F333282-41D5-48A4-8B98-E3683077CCC9}.Release|Windows-ARM.ActiveCfg = Release|Any CPU
		{4F333282-41D5-48A4-8B98-E3683077CCC9}.Release|Windows-ARM.Build.0 = Release|Any CPU
		{4F333282-41D5-48A4-8B98-E3683077CCC9}.Release|Windows-x64.ActiveCfg = Release|Any CPU
		{4F333282-41D5-48A4-8B98-E3683077CCC9}.Release|Windows-x64.Build.0 = Release|Any CPU
		{4F333282-41D5-48A4-8B98-E3683077CCC9}.Release|Windows-x86.ActiveCfg = Release|Any CPU
		{4F333282-41D5-48A4-8B98-E3683077CCC9}.Release|Windows-x86.Build.0 = Release|Any CPU
		{716CFDB4-1BB6-4D9F-9165-3162F943FC50}.Debug|Android.ActiveCfg = Debug|Any CPU
		{716CFDB4-1BB6-4D9F-9165-3162F943FC50}.Debug|Android.Build.0 = Debug|Any CPU
		{716CFDB4-1BB6-4D9F-9165-3162F943FC50}.Debug|Any CPU.ActiveCfg = Debug|Any CPU
		{716CFDB4-1BB6-4D9F-9165-3162F943FC50}.Debug|Any CPU.Build.0 = Debug|Any CPU
		{716CFDB4-1BB6-4D9F-9165-3162F943FC50}.Debug|iOS.ActiveCfg = Debug|Any CPU
		{716CFDB4-1BB6-4D9F-9165-3162F943FC50}.Debug|iOS.Build.0 = Debug|Any CPU
		{716CFDB4-1BB6-4D9F-9165-3162F943FC50}.Debug|Windows-ARM.ActiveCfg = Debug|Any CPU
		{716CFDB4-1BB6-4D9F-9165-3162F943FC50}.Debug|Windows-ARM.Build.0 = Debug|Any CPU
		{716CFDB4-1BB6-4D9F-9165-3162F943FC50}.Debug|Windows-x64.ActiveCfg = Debug|Any CPU
		{716CFDB4-1BB6-4D9F-9165-3162F943FC50}.Debug|Windows-x64.Build.0 = Debug|Any CPU
		{716CFDB4-1BB6-4D9F-9165-3162F943FC50}.Debug|Windows-x86.ActiveCfg = Debug|Any CPU
		{716CFDB4-1BB6-4D9F-9165-3162F943FC50}.Debug|Windows-x86.Build.0 = Debug|Any CPU
		{716CFDB4-1BB6-4D9F-9165-3162F943FC50}.Release|Android.ActiveCfg = Release|Any CPU
		{716CFDB4-1BB6-4D9F-9165-3162F943FC50}.Release|Android.Build.0 = Release|Any CPU
		{716CFDB4-1BB6-4D9F-9165-3162F943FC50}.Release|Any CPU.ActiveCfg = Release|Any CPU
		{716CFDB4-1BB6-4D9F-9165-3162F943FC50}.Release|Any CPU.Build.0 = Release|Any CPU
		{716CFDB4-1BB6-4D9F-9165-3162F943FC50}.Release|iOS.ActiveCfg = Release|Any CPU
		{716CFDB4-1BB6-4D9F-9165-3162F943FC50}.Release|iOS.Build.0 = Release|Any CPU
		{716CFDB4-1BB6-4D9F-9165-3162F943FC50}.Release|Windows-ARM.ActiveCfg = Release|Any CPU
		{716CFDB4-1BB6-4D9F-9165-3162F943FC50}.Release|Windows-ARM.Build.0 = Release|Any CPU
		{716CFDB4-1BB6-4D9F-9165-3162F943FC50}.Release|Windows-x64.ActiveCfg = Release|Any CPU
		{716CFDB4-1BB6-4D9F-9165-3162F943FC50}.Release|Windows-x64.Build.0 = Release|Any CPU
		{716CFDB4-1BB6-4D9F-9165-3162F943FC50}.Release|Windows-x86.ActiveCfg = Release|Any CPU
		{716CFDB4-1BB6-4D9F-9165-3162F943FC50}.Release|Windows-x86.Build.0 = Release|Any CPU
		{6D22047E-6751-46BA-A9DC-87F61F273B46}.Debug|Android.ActiveCfg = Debug|Any CPU
		{6D22047E-6751-46BA-A9DC-87F61F273B46}.Debug|Android.Build.0 = Debug|Any CPU
		{6D22047E-6751-46BA-A9DC-87F61F273B46}.Debug|Any CPU.ActiveCfg = Debug|Any CPU
		{6D22047E-6751-46BA-A9DC-87F61F273B46}.Debug|Any CPU.Build.0 = Debug|Any CPU
		{6D22047E-6751-46BA-A9DC-87F61F273B46}.Debug|iOS.ActiveCfg = Debug|Any CPU
		{6D22047E-6751-46BA-A9DC-87F61F273B46}.Debug|iOS.Build.0 = Debug|Any CPU
		{6D22047E-6751-46BA-A9DC-87F61F273B46}.Debug|Windows-ARM.ActiveCfg = Debug|Any CPU
		{6D22047E-6751-46BA-A9DC-87F61F273B46}.Debug|Windows-ARM.Build.0 = Debug|Any CPU
		{6D22047E-6751-46BA-A9DC-87F61F273B46}.Debug|Windows-x64.ActiveCfg = Debug|Any CPU
		{6D22047E-6751-46BA-A9DC-87F61F273B46}.Debug|Windows-x64.Build.0 = Debug|Any CPU
		{6D22047E-6751-46BA-A9DC-87F61F273B46}.Debug|Windows-x86.ActiveCfg = Debug|Any CPU
		{6D22047E-6751-46BA-A9DC-87F61F273B46}.Debug|Windows-x86.Build.0 = Debug|Any CPU
		{6D22047E-6751-46BA-A9DC-87F61F273B46}.Release|Android.ActiveCfg = Release|Any CPU
		{6D22047E-6751-46BA-A9DC-87F61F273B46}.Release|Android.Build.0 = Release|Any CPU
		{6D22047E-6751-46BA-A9DC-87F61F273B46}.Release|Any CPU.ActiveCfg = Release|Any CPU
		{6D22047E-6751-46BA-A9DC-87F61F273B46}.Release|Any CPU.Build.0 = Release|Any CPU
		{6D22047E-6751-46BA-A9DC-87F61F273B46}.Release|iOS.ActiveCfg = Release|Any CPU
		{6D22047E-6751-46BA-A9DC-87F61F273B46}.Release|iOS.Build.0 = Release|Any CPU
		{6D22047E-6751-46BA-A9DC-87F61F273B46}.Release|Windows-ARM.ActiveCfg = Release|Any CPU
		{6D22047E-6751-46BA-A9DC-87F61F273B46}.Release|Windows-ARM.Build.0 = Release|Any CPU
		{6D22047E-6751-46BA-A9DC-87F61F273B46}.Release|Windows-x64.ActiveCfg = Release|Any CPU
		{6D22047E-6751-46BA-A9DC-87F61F273B46}.Release|Windows-x64.Build.0 = Release|Any CPU
		{6D22047E-6751-46BA-A9DC-87F61F273B46}.Release|Windows-x86.ActiveCfg = Release|Any CPU
		{6D22047E-6751-46BA-A9DC-87F61F273B46}.Release|Windows-x86.Build.0 = Release|Any CPU
		{3F67A4C5-A210-4AF8-9CF7-A57E6AD092CA}.Debug|Android.ActiveCfg = Debug|Any CPU
		{3F67A4C5-A210-4AF8-9CF7-A57E6AD092CA}.Debug|Android.Build.0 = Debug|Any CPU
		{3F67A4C5-A210-4AF8-9CF7-A57E6AD092CA}.Debug|Any CPU.ActiveCfg = Debug|Any CPU
		{3F67A4C5-A210-4AF8-9CF7-A57E6AD092CA}.Debug|Any CPU.Build.0 = Debug|Any CPU
		{3F67A4C5-A210-4AF8-9CF7-A57E6AD092CA}.Debug|iOS.ActiveCfg = Debug|Any CPU
		{3F67A4C5-A210-4AF8-9CF7-A57E6AD092CA}.Debug|iOS.Build.0 = Debug|Any CPU
		{3F67A4C5-A210-4AF8-9CF7-A57E6AD092CA}.Debug|Windows-ARM.ActiveCfg = Debug|Any CPU
		{3F67A4C5-A210-4AF8-9CF7-A57E6AD092CA}.Debug|Windows-ARM.Build.0 = Debug|Any CPU
		{3F67A4C5-A210-4AF8-9CF7-A57E6AD092CA}.Debug|Windows-x64.ActiveCfg = Debug|Any CPU
		{3F67A4C5-A210-4AF8-9CF7-A57E6AD092CA}.Debug|Windows-x64.Build.0 = Debug|Any CPU
		{3F67A4C5-A210-4AF8-9CF7-A57E6AD092CA}.Debug|Windows-x86.ActiveCfg = Debug|Any CPU
		{3F67A4C5-A210-4AF8-9CF7-A57E6AD092CA}.Debug|Windows-x86.Build.0 = Debug|Any CPU
		{3F67A4C5-A210-4AF8-9CF7-A57E6AD092CA}.Release|Android.ActiveCfg = Release|Any CPU
		{3F67A4C5-A210-4AF8-9CF7-A57E6AD092CA}.Release|Android.Build.0 = Release|Any CPU
		{3F67A4C5-A210-4AF8-9CF7-A57E6AD092CA}.Release|Any CPU.ActiveCfg = Release|Any CPU
		{3F67A4C5-A210-4AF8-9CF7-A57E6AD092CA}.Release|Any CPU.Build.0 = Release|Any CPU
		{3F67A4C5-A210-4AF8-9CF7-A57E6AD092CA}.Release|iOS.ActiveCfg = Release|Any CPU
		{3F67A4C5-A210-4AF8-9CF7-A57E6AD092CA}.Release|iOS.Build.0 = Release|Any CPU
		{3F67A4C5-A210-4AF8-9CF7-A57E6AD092CA}.Release|Windows-ARM.ActiveCfg = Release|Any CPU
		{3F67A4C5-A210-4AF8-9CF7-A57E6AD092CA}.Release|Windows-ARM.Build.0 = Release|Any CPU
		{3F67A4C5-A210-4AF8-9CF7-A57E6AD092CA}.Release|Windows-x64.ActiveCfg = Release|Any CPU
		{3F67A4C5-A210-4AF8-9CF7-A57E6AD092CA}.Release|Windows-x64.Build.0 = Release|Any CPU
		{3F67A4C5-A210-4AF8-9CF7-A57E6AD092CA}.Release|Windows-x86.ActiveCfg = Release|Any CPU
		{3F67A4C5-A210-4AF8-9CF7-A57E6AD092CA}.Release|Windows-x86.Build.0 = Release|Any CPU
		{1D530981-D92E-4C20-836E-E8958DBD4018}.Debug|Android.ActiveCfg = Debug|Any CPU
		{1D530981-D92E-4C20-836E-E8958DBD4018}.Debug|Android.Build.0 = Debug|Any CPU
		{1D530981-D92E-4C20-836E-E8958DBD4018}.Debug|Any CPU.ActiveCfg = Debug|Any CPU
		{1D530981-D92E-4C20-836E-E8958DBD4018}.Debug|Any CPU.Build.0 = Debug|Any CPU
		{1D530981-D92E-4C20-836E-E8958DBD4018}.Debug|iOS.ActiveCfg = Debug|Any CPU
		{1D530981-D92E-4C20-836E-E8958DBD4018}.Debug|iOS.Build.0 = Debug|Any CPU
		{1D530981-D92E-4C20-836E-E8958DBD4018}.Debug|Windows-ARM.ActiveCfg = Debug|Any CPU
		{1D530981-D92E-4C20-836E-E8958DBD4018}.Debug|Windows-ARM.Build.0 = Debug|Any CPU
		{1D530981-D92E-4C20-836E-E8958DBD4018}.Debug|Windows-x64.ActiveCfg = Debug|Any CPU
		{1D530981-D92E-4C20-836E-E8958DBD4018}.Debug|Windows-x64.Build.0 = Debug|Any CPU
		{1D530981-D92E-4C20-836E-E8958DBD4018}.Debug|Windows-x86.ActiveCfg = Debug|Any CPU
		{1D530981-D92E-4C20-836E-E8958DBD4018}.Debug|Windows-x86.Build.0 = Debug|Any CPU
		{1D530981-D92E-4C20-836E-E8958DBD4018}.Release|Android.ActiveCfg = Release|Any CPU
		{1D530981-D92E-4C20-836E-E8958DBD4018}.Release|Android.Build.0 = Release|Any CPU
		{1D530981-D92E-4C20-836E-E8958DBD4018}.Release|Any CPU.ActiveCfg = Release|Any CPU
		{1D530981-D92E-4C20-836E-E8958DBD4018}.Release|Any CPU.Build.0 = Release|Any CPU
		{1D530981-D92E-4C20-836E-E8958DBD4018}.Release|iOS.ActiveCfg = Release|Any CPU
		{1D530981-D92E-4C20-836E-E8958DBD4018}.Release|iOS.Build.0 = Release|Any CPU
		{1D530981-D92E-4C20-836E-E8958DBD4018}.Release|Windows-ARM.ActiveCfg = Release|Any CPU
		{1D530981-D92E-4C20-836E-E8958DBD4018}.Release|Windows-ARM.Build.0 = Release|Any CPU
		{1D530981-D92E-4C20-836E-E8958DBD4018}.Release|Windows-x64.ActiveCfg = Release|Any CPU
		{1D530981-D92E-4C20-836E-E8958DBD4018}.Release|Windows-x64.Build.0 = Release|Any CPU
		{1D530981-D92E-4C20-836E-E8958DBD4018}.Release|Windows-x86.ActiveCfg = Release|Any CPU
		{1D530981-D92E-4C20-836E-E8958DBD4018}.Release|Windows-x86.Build.0 = Release|Any CPU
		{0D375017-3883-49B2-8B9F-EEAF5BA272A9}.Debug|Android.ActiveCfg = Debug|Android
		{0D375017-3883-49B2-8B9F-EEAF5BA272A9}.Debug|Android.Build.0 = Debug|Android
		{0D375017-3883-49B2-8B9F-EEAF5BA272A9}.Debug|Any CPU.ActiveCfg = Debug|Android
		{0D375017-3883-49B2-8B9F-EEAF5BA272A9}.Debug|Any CPU.Build.0 = Debug|Android
		{0D375017-3883-49B2-8B9F-EEAF5BA272A9}.Debug|iOS.ActiveCfg = Debug|Android
		{0D375017-3883-49B2-8B9F-EEAF5BA272A9}.Debug|iOS.Build.0 = Debug|Android
		{0D375017-3883-49B2-8B9F-EEAF5BA272A9}.Debug|Windows-ARM.ActiveCfg = Debug|Android
		{0D375017-3883-49B2-8B9F-EEAF5BA272A9}.Debug|Windows-ARM.Build.0 = Debug|Android
		{0D375017-3883-49B2-8B9F-EEAF5BA272A9}.Debug|Windows-x64.ActiveCfg = Debug|Android
		{0D375017-3883-49B2-8B9F-EEAF5BA272A9}.Debug|Windows-x64.Build.0 = Debug|Android
		{0D375017-3883-49B2-8B9F-EEAF5BA272A9}.Debug|Windows-x86.ActiveCfg = Debug|Android
		{0D375017-3883-49B2-8B9F-EEAF5BA272A9}.Debug|Windows-x86.Build.0 = Debug|Android
		{0D375017-3883-49B2-8B9F-EEAF5BA272A9}.Release|Android.ActiveCfg = Release|Android
		{0D375017-3883-49B2-8B9F-EEAF5BA272A9}.Release|Android.Build.0 = Release|Android
		{0D375017-3883-49B2-8B9F-EEAF5BA272A9}.Release|Any CPU.ActiveCfg = Release|Android
		{0D375017-3883-49B2-8B9F-EEAF5BA272A9}.Release|Any CPU.Build.0 = Release|Android
		{0D375017-3883-49B2-8B9F-EEAF5BA272A9}.Release|iOS.ActiveCfg = Release|Android
		{0D375017-3883-49B2-8B9F-EEAF5BA272A9}.Release|iOS.Build.0 = Release|Android
		{0D375017-3883-49B2-8B9F-EEAF5BA272A9}.Release|Windows-ARM.ActiveCfg = Release|Android
		{0D375017-3883-49B2-8B9F-EEAF5BA272A9}.Release|Windows-ARM.Build.0 = Release|Android
		{0D375017-3883-49B2-8B9F-EEAF5BA272A9}.Release|Windows-x64.ActiveCfg = Release|Android
		{0D375017-3883-49B2-8B9F-EEAF5BA272A9}.Release|Windows-x64.Build.0 = Release|Android
		{0D375017-3883-49B2-8B9F-EEAF5BA272A9}.Release|Windows-x86.ActiveCfg = Release|Android
		{0D375017-3883-49B2-8B9F-EEAF5BA272A9}.Release|Windows-x86.Build.0 = Release|Android
		{3FA1652F-BDB1-4CBB-BCF5-606128253E92}.Debug|Android.ActiveCfg = Debug|Android
		{3FA1652F-BDB1-4CBB-BCF5-606128253E92}.Debug|Android.Build.0 = Debug|Android
		{3FA1652F-BDB1-4CBB-BCF5-606128253E92}.Debug|Any CPU.ActiveCfg = Debug|Android
		{3FA1652F-BDB1-4CBB-BCF5-606128253E92}.Debug|Any CPU.Build.0 = Debug|Android
		{3FA1652F-BDB1-4CBB-BCF5-606128253E92}.Debug|iOS.ActiveCfg = Debug|Android
		{3FA1652F-BDB1-4CBB-BCF5-606128253E92}.Debug|iOS.Build.0 = Debug|Android
		{3FA1652F-BDB1-4CBB-BCF5-606128253E92}.Debug|Windows-ARM.ActiveCfg = Debug|Android
		{3FA1652F-BDB1-4CBB-BCF5-606128253E92}.Debug|Windows-ARM.Build.0 = Debug|Android
		{3FA1652F-BDB1-4CBB-BCF5-606128253E92}.Debug|Windows-x64.ActiveCfg = Debug|Android
		{3FA1652F-BDB1-4CBB-BCF5-606128253E92}.Debug|Windows-x64.Build.0 = Debug|Android
		{3FA1652F-BDB1-4CBB-BCF5-606128253E92}.Debug|Windows-x86.ActiveCfg = Debug|Android
		{3FA1652F-BDB1-4CBB-BCF5-606128253E92}.Debug|Windows-x86.Build.0 = Debug|Android
		{3FA1652F-BDB1-4CBB-BCF5-606128253E92}.Release|Android.ActiveCfg = Release|Android
		{3FA1652F-BDB1-4CBB-BCF5-606128253E92}.Release|Android.Build.0 = Release|Android
		{3FA1652F-BDB1-4CBB-BCF5-606128253E92}.Release|Any CPU.ActiveCfg = Release|Android
		{3FA1652F-BDB1-4CBB-BCF5-606128253E92}.Release|Any CPU.Build.0 = Release|Android
		{3FA1652F-BDB1-4CBB-BCF5-606128253E92}.Release|iOS.ActiveCfg = Release|Android
		{3FA1652F-BDB1-4CBB-BCF5-606128253E92}.Release|iOS.Build.0 = Release|Android
		{3FA1652F-BDB1-4CBB-BCF5-606128253E92}.Release|Windows-ARM.ActiveCfg = Release|Android
		{3FA1652F-BDB1-4CBB-BCF5-606128253E92}.Release|Windows-ARM.Build.0 = Release|Android
		{3FA1652F-BDB1-4CBB-BCF5-606128253E92}.Release|Windows-x64.ActiveCfg = Release|Android
		{3FA1652F-BDB1-4CBB-BCF5-606128253E92}.Release|Windows-x64.Build.0 = Release|Android
		{3FA1652F-BDB1-4CBB-BCF5-606128253E92}.Release|Windows-x86.ActiveCfg = Release|Android
		{3FA1652F-BDB1-4CBB-BCF5-606128253E92}.Release|Windows-x86.Build.0 = Release|Android
		{2C35DA74-AE0C-443F-B817-F1DFFFF85AB7}.Debug|Android.ActiveCfg = Debug|Any CPU
		{2C35DA74-AE0C-443F-B817-F1DFFFF85AB7}.Debug|Android.Build.0 = Debug|Any CPU
		{2C35DA74-AE0C-443F-B817-F1DFFFF85AB7}.Debug|Any CPU.ActiveCfg = Debug|Any CPU
		{2C35DA74-AE0C-443F-B817-F1DFFFF85AB7}.Debug|Any CPU.Build.0 = Debug|Any CPU
		{2C35DA74-AE0C-443F-B817-F1DFFFF85AB7}.Debug|iOS.ActiveCfg = Debug|Any CPU
		{2C35DA74-AE0C-443F-B817-F1DFFFF85AB7}.Debug|iOS.Build.0 = Debug|Any CPU
		{2C35DA74-AE0C-443F-B817-F1DFFFF85AB7}.Debug|Windows-ARM.ActiveCfg = Debug|Any CPU
		{2C35DA74-AE0C-443F-B817-F1DFFFF85AB7}.Debug|Windows-ARM.Build.0 = Debug|Any CPU
		{2C35DA74-AE0C-443F-B817-F1DFFFF85AB7}.Debug|Windows-x64.ActiveCfg = Debug|Any CPU
		{2C35DA74-AE0C-443F-B817-F1DFFFF85AB7}.Debug|Windows-x64.Build.0 = Debug|Any CPU
		{2C35DA74-AE0C-443F-B817-F1DFFFF85AB7}.Debug|Windows-x86.ActiveCfg = Debug|Any CPU
		{2C35DA74-AE0C-443F-B817-F1DFFFF85AB7}.Debug|Windows-x86.Build.0 = Debug|Any CPU
		{2C35DA74-AE0C-443F-B817-F1DFFFF85AB7}.Release|Android.ActiveCfg = Release|Any CPU
		{2C35DA74-AE0C-443F-B817-F1DFFFF85AB7}.Release|Android.Build.0 = Release|Any CPU
		{2C35DA74-AE0C-443F-B817-F1DFFFF85AB7}.Release|Any CPU.ActiveCfg = Release|Any CPU
		{2C35DA74-AE0C-443F-B817-F1DFFFF85AB7}.Release|Any CPU.Build.0 = Release|Any CPU
		{2C35DA74-AE0C-443F-B817-F1DFFFF85AB7}.Release|iOS.ActiveCfg = Release|Any CPU
		{2C35DA74-AE0C-443F-B817-F1DFFFF85AB7}.Release|iOS.Build.0 = Release|Any CPU
		{2C35DA74-AE0C-443F-B817-F1DFFFF85AB7}.Release|Windows-ARM.ActiveCfg = Release|Any CPU
		{2C35DA74-AE0C-443F-B817-F1DFFFF85AB7}.Release|Windows-ARM.Build.0 = Release|Any CPU
		{2C35DA74-AE0C-443F-B817-F1DFFFF85AB7}.Release|Windows-x64.ActiveCfg = Release|Any CPU
		{2C35DA74-AE0C-443F-B817-F1DFFFF85AB7}.Release|Windows-x64.Build.0 = Release|Any CPU
		{2C35DA74-AE0C-443F-B817-F1DFFFF85AB7}.Release|Windows-x86.ActiveCfg = Release|Any CPU
		{2C35DA74-AE0C-443F-B817-F1DFFFF85AB7}.Release|Windows-x86.Build.0 = Release|Any CPU
		{713D0A8A-C47D-4C87-B5CE-C5D6EC7DF09D}.Debug|Android.ActiveCfg = Debug|Any CPU
		{713D0A8A-C47D-4C87-B5CE-C5D6EC7DF09D}.Debug|Android.Build.0 = Debug|Any CPU
		{713D0A8A-C47D-4C87-B5CE-C5D6EC7DF09D}.Debug|Any CPU.ActiveCfg = Debug|Any CPU
		{713D0A8A-C47D-4C87-B5CE-C5D6EC7DF09D}.Debug|Any CPU.Build.0 = Debug|Any CPU
		{713D0A8A-C47D-4C87-B5CE-C5D6EC7DF09D}.Debug|iOS.ActiveCfg = Debug|Any CPU
		{713D0A8A-C47D-4C87-B5CE-C5D6EC7DF09D}.Debug|iOS.Build.0 = Debug|Any CPU
		{713D0A8A-C47D-4C87-B5CE-C5D6EC7DF09D}.Debug|Windows-ARM.ActiveCfg = Debug|Any CPU
		{713D0A8A-C47D-4C87-B5CE-C5D6EC7DF09D}.Debug|Windows-ARM.Build.0 = Debug|Any CPU
		{713D0A8A-C47D-4C87-B5CE-C5D6EC7DF09D}.Debug|Windows-x64.ActiveCfg = Debug|Any CPU
		{713D0A8A-C47D-4C87-B5CE-C5D6EC7DF09D}.Debug|Windows-x64.Build.0 = Debug|Any CPU
		{713D0A8A-C47D-4C87-B5CE-C5D6EC7DF09D}.Debug|Windows-x86.ActiveCfg = Debug|Any CPU
		{713D0A8A-C47D-4C87-B5CE-C5D6EC7DF09D}.Debug|Windows-x86.Build.0 = Debug|Any CPU
		{713D0A8A-C47D-4C87-B5CE-C5D6EC7DF09D}.Release|Android.ActiveCfg = Release|Any CPU
		{713D0A8A-C47D-4C87-B5CE-C5D6EC7DF09D}.Release|Android.Build.0 = Release|Any CPU
		{713D0A8A-C47D-4C87-B5CE-C5D6EC7DF09D}.Release|Any CPU.ActiveCfg = Release|Any CPU
		{713D0A8A-C47D-4C87-B5CE-C5D6EC7DF09D}.Release|Any CPU.Build.0 = Release|Any CPU
		{713D0A8A-C47D-4C87-B5CE-C5D6EC7DF09D}.Release|iOS.ActiveCfg = Release|Any CPU
		{713D0A8A-C47D-4C87-B5CE-C5D6EC7DF09D}.Release|iOS.Build.0 = Release|Any CPU
		{713D0A8A-C47D-4C87-B5CE-C5D6EC7DF09D}.Release|Windows-ARM.ActiveCfg = Release|Any CPU
		{713D0A8A-C47D-4C87-B5CE-C5D6EC7DF09D}.Release|Windows-ARM.Build.0 = Release|Any CPU
		{713D0A8A-C47D-4C87-B5CE-C5D6EC7DF09D}.Release|Windows-x64.ActiveCfg = Release|Any CPU
		{713D0A8A-C47D-4C87-B5CE-C5D6EC7DF09D}.Release|Windows-x64.Build.0 = Release|Any CPU
		{713D0A8A-C47D-4C87-B5CE-C5D6EC7DF09D}.Release|Windows-x86.ActiveCfg = Release|Any CPU
		{713D0A8A-C47D-4C87-B5CE-C5D6EC7DF09D}.Release|Windows-x86.Build.0 = Release|Any CPU
		{0AD2E80C-E264-4FA4-9712-55ED257BAFEB}.Debug|Android.ActiveCfg = Debug|Any CPU
		{0AD2E80C-E264-4FA4-9712-55ED257BAFEB}.Debug|Android.Build.0 = Debug|Any CPU
		{0AD2E80C-E264-4FA4-9712-55ED257BAFEB}.Debug|Any CPU.ActiveCfg = Debug|Any CPU
		{0AD2E80C-E264-4FA4-9712-55ED257BAFEB}.Debug|Any CPU.Build.0 = Debug|Any CPU
		{0AD2E80C-E264-4FA4-9712-55ED257BAFEB}.Debug|iOS.ActiveCfg = Debug|Any CPU
		{0AD2E80C-E264-4FA4-9712-55ED257BAFEB}.Debug|iOS.Build.0 = Debug|Any CPU
		{0AD2E80C-E264-4FA4-9712-55ED257BAFEB}.Debug|Windows-ARM.ActiveCfg = Debug|Any CPU
		{0AD2E80C-E264-4FA4-9712-55ED257BAFEB}.Debug|Windows-ARM.Build.0 = Debug|Any CPU
		{0AD2E80C-E264-4FA4-9712-55ED257BAFEB}.Debug|Windows-x64.ActiveCfg = Debug|Any CPU
		{0AD2E80C-E264-4FA4-9712-55ED257BAFEB}.Debug|Windows-x64.Build.0 = Debug|Any CPU
		{0AD2E80C-E264-4FA4-9712-55ED257BAFEB}.Debug|Windows-x86.ActiveCfg = Debug|Any CPU
		{0AD2E80C-E264-4FA4-9712-55ED257BAFEB}.Debug|Windows-x86.Build.0 = Debug|Any CPU
		{0AD2E80C-E264-4FA4-9712-55ED257BAFEB}.Release|Android.ActiveCfg = Release|Any CPU
		{0AD2E80C-E264-4FA4-9712-55ED257BAFEB}.Release|Android.Build.0 = Release|Any CPU
		{0AD2E80C-E264-4FA4-9712-55ED257BAFEB}.Release|Any CPU.ActiveCfg = Release|Any CPU
		{0AD2E80C-E264-4FA4-9712-55ED257BAFEB}.Release|Any CPU.Build.0 = Release|Any CPU
		{0AD2E80C-E264-4FA4-9712-55ED257BAFEB}.Release|iOS.ActiveCfg = Release|Any CPU
		{0AD2E80C-E264-4FA4-9712-55ED257BAFEB}.Release|iOS.Build.0 = Release|Any CPU
		{0AD2E80C-E264-4FA4-9712-55ED257BAFEB}.Release|Windows-ARM.ActiveCfg = Release|Any CPU
		{0AD2E80C-E264-4FA4-9712-55ED257BAFEB}.Release|Windows-ARM.Build.0 = Release|Any CPU
		{0AD2E80C-E264-4FA4-9712-55ED257BAFEB}.Release|Windows-x64.ActiveCfg = Release|Any CPU
		{0AD2E80C-E264-4FA4-9712-55ED257BAFEB}.Release|Windows-x64.Build.0 = Release|Any CPU
		{0AD2E80C-E264-4FA4-9712-55ED257BAFEB}.Release|Windows-x86.ActiveCfg = Release|Any CPU
		{0AD2E80C-E264-4FA4-9712-55ED257BAFEB}.Release|Windows-x86.Build.0 = Release|Any CPU
		{A2594F94-E112-4773-AE08-C2739C01BA24}.Debug|Android.ActiveCfg = Debug|Any CPU
		{A2594F94-E112-4773-AE08-C2739C01BA24}.Debug|Android.Build.0 = Debug|Any CPU
		{A2594F94-E112-4773-AE08-C2739C01BA24}.Debug|Any CPU.ActiveCfg = Debug|Any CPU
		{A2594F94-E112-4773-AE08-C2739C01BA24}.Debug|Any CPU.Build.0 = Debug|Any CPU
		{A2594F94-E112-4773-AE08-C2739C01BA24}.Debug|iOS.ActiveCfg = Debug|Any CPU
		{A2594F94-E112-4773-AE08-C2739C01BA24}.Debug|iOS.Build.0 = Debug|Any CPU
		{A2594F94-E112-4773-AE08-C2739C01BA24}.Debug|Windows-ARM.ActiveCfg = Debug|Any CPU
		{A2594F94-E112-4773-AE08-C2739C01BA24}.Debug|Windows-ARM.Build.0 = Debug|Any CPU
		{A2594F94-E112-4773-AE08-C2739C01BA24}.Debug|Windows-x64.ActiveCfg = Debug|Any CPU
		{A2594F94-E112-4773-AE08-C2739C01BA24}.Debug|Windows-x64.Build.0 = Debug|Any CPU
		{A2594F94-E112-4773-AE08-C2739C01BA24}.Debug|Windows-x86.ActiveCfg = Debug|Any CPU
		{A2594F94-E112-4773-AE08-C2739C01BA24}.Debug|Windows-x86.Build.0 = Debug|Any CPU
		{A2594F94-E112-4773-AE08-C2739C01BA24}.Release|Android.ActiveCfg = Release|Any CPU
		{A2594F94-E112-4773-AE08-C2739C01BA24}.Release|Android.Build.0 = Release|Any CPU
		{A2594F94-E112-4773-AE08-C2739C01BA24}.Release|Any CPU.ActiveCfg = Release|Any CPU
		{A2594F94-E112-4773-AE08-C2739C01BA24}.Release|Any CPU.Build.0 = Release|Any CPU
		{A2594F94-E112-4773-AE08-C2739C01BA24}.Release|iOS.ActiveCfg = Release|Any CPU
		{A2594F94-E112-4773-AE08-C2739C01BA24}.Release|iOS.Build.0 = Release|Any CPU
		{A2594F94-E112-4773-AE08-C2739C01BA24}.Release|Windows-ARM.ActiveCfg = Release|Any CPU
		{A2594F94-E112-4773-AE08-C2739C01BA24}.Release|Windows-ARM.Build.0 = Release|Any CPU
		{A2594F94-E112-4773-AE08-C2739C01BA24}.Release|Windows-x64.ActiveCfg = Release|Any CPU
		{A2594F94-E112-4773-AE08-C2739C01BA24}.Release|Windows-x64.Build.0 = Release|Any CPU
		{A2594F94-E112-4773-AE08-C2739C01BA24}.Release|Windows-x86.ActiveCfg = Release|Any CPU
		{A2594F94-E112-4773-AE08-C2739C01BA24}.Release|Windows-x86.Build.0 = Release|Any CPU
		{B8CC70EA-76E7-4867-910D-8C88C4F7FC5A}.Debug|Android.ActiveCfg = Debug|Any CPU
		{B8CC70EA-76E7-4867-910D-8C88C4F7FC5A}.Debug|Android.Build.0 = Debug|Any CPU
		{B8CC70EA-76E7-4867-910D-8C88C4F7FC5A}.Debug|Any CPU.ActiveCfg = Debug|Any CPU
		{B8CC70EA-76E7-4867-910D-8C88C4F7FC5A}.Debug|Any CPU.Build.0 = Debug|Any CPU
		{B8CC70EA-76E7-4867-910D-8C88C4F7FC5A}.Debug|iOS.ActiveCfg = Debug|Any CPU
		{B8CC70EA-76E7-4867-910D-8C88C4F7FC5A}.Debug|iOS.Build.0 = Debug|Any CPU
		{B8CC70EA-76E7-4867-910D-8C88C4F7FC5A}.Debug|Windows-ARM.ActiveCfg = Debug|Any CPU
		{B8CC70EA-76E7-4867-910D-8C88C4F7FC5A}.Debug|Windows-ARM.Build.0 = Debug|Any CPU
		{B8CC70EA-76E7-4867-910D-8C88C4F7FC5A}.Debug|Windows-x64.ActiveCfg = Debug|Any CPU
		{B8CC70EA-76E7-4867-910D-8C88C4F7FC5A}.Debug|Windows-x64.Build.0 = Debug|Any CPU
		{B8CC70EA-76E7-4867-910D-8C88C4F7FC5A}.Debug|Windows-x86.ActiveCfg = Debug|Any CPU
		{B8CC70EA-76E7-4867-910D-8C88C4F7FC5A}.Debug|Windows-x86.Build.0 = Debug|Any CPU
		{B8CC70EA-76E7-4867-910D-8C88C4F7FC5A}.Release|Android.ActiveCfg = Release|Any CPU
		{B8CC70EA-76E7-4867-910D-8C88C4F7FC5A}.Release|Android.Build.0 = Release|Any CPU
		{B8CC70EA-76E7-4867-910D-8C88C4F7FC5A}.Release|Any CPU.ActiveCfg = Release|Any CPU
		{B8CC70EA-76E7-4867-910D-8C88C4F7FC5A}.Release|Any CPU.Build.0 = Release|Any CPU
		{B8CC70EA-76E7-4867-910D-8C88C4F7FC5A}.Release|iOS.ActiveCfg = Release|Any CPU
		{B8CC70EA-76E7-4867-910D-8C88C4F7FC5A}.Release|iOS.Build.0 = Release|Any CPU
		{B8CC70EA-76E7-4867-910D-8C88C4F7FC5A}.Release|Windows-ARM.ActiveCfg = Release|Any CPU
		{B8CC70EA-76E7-4867-910D-8C88C4F7FC5A}.Release|Windows-ARM.Build.0 = Release|Any CPU
		{B8CC70EA-76E7-4867-910D-8C88C4F7FC5A}.Release|Windows-x64.ActiveCfg = Release|Any CPU
		{B8CC70EA-76E7-4867-910D-8C88C4F7FC5A}.Release|Windows-x64.Build.0 = Release|Any CPU
		{B8CC70EA-76E7-4867-910D-8C88C4F7FC5A}.Release|Windows-x86.ActiveCfg = Release|Any CPU
		{B8CC70EA-76E7-4867-910D-8C88C4F7FC5A}.Release|Windows-x86.Build.0 = Release|Any CPU
		{2FAE52A7-C35C-4C79-9574-3793EF7F1033}.Debug|Android.ActiveCfg = Debug|Any CPU
		{2FAE52A7-C35C-4C79-9574-3793EF7F1033}.Debug|Android.Build.0 = Debug|Any CPU
		{2FAE52A7-C35C-4C79-9574-3793EF7F1033}.Debug|Any CPU.ActiveCfg = Debug|Any CPU
		{2FAE52A7-C35C-4C79-9574-3793EF7F1033}.Debug|Any CPU.Build.0 = Debug|Any CPU
		{2FAE52A7-C35C-4C79-9574-3793EF7F1033}.Debug|iOS.ActiveCfg = Debug|Any CPU
		{2FAE52A7-C35C-4C79-9574-3793EF7F1033}.Debug|iOS.Build.0 = Debug|Any CPU
		{2FAE52A7-C35C-4C79-9574-3793EF7F1033}.Debug|Windows-ARM.ActiveCfg = Debug|Any CPU
		{2FAE52A7-C35C-4C79-9574-3793EF7F1033}.Debug|Windows-ARM.Build.0 = Debug|Any CPU
		{2FAE52A7-C35C-4C79-9574-3793EF7F1033}.Debug|Windows-x64.ActiveCfg = Debug|Any CPU
		{2FAE52A7-C35C-4C79-9574-3793EF7F1033}.Debug|Windows-x64.Build.0 = Debug|Any CPU
		{2FAE52A7-C35C-4C79-9574-3793EF7F1033}.Debug|Windows-x86.ActiveCfg = Debug|Any CPU
		{2FAE52A7-C35C-4C79-9574-3793EF7F1033}.Debug|Windows-x86.Build.0 = Debug|Any CPU
		{2FAE52A7-C35C-4C79-9574-3793EF7F1033}.Release|Android.ActiveCfg = Release|Any CPU
		{2FAE52A7-C35C-4C79-9574-3793EF7F1033}.Release|Android.Build.0 = Release|Any CPU
		{2FAE52A7-C35C-4C79-9574-3793EF7F1033}.Release|Any CPU.ActiveCfg = Release|Any CPU
		{2FAE52A7-C35C-4C79-9574-3793EF7F1033}.Release|Any CPU.Build.0 = Release|Any CPU
		{2FAE52A7-C35C-4C79-9574-3793EF7F1033}.Release|iOS.ActiveCfg = Release|Any CPU
		{2FAE52A7-C35C-4C79-9574-3793EF7F1033}.Release|iOS.Build.0 = Release|Any CPU
		{2FAE52A7-C35C-4C79-9574-3793EF7F1033}.Release|Windows-ARM.ActiveCfg = Release|Any CPU
		{2FAE52A7-C35C-4C79-9574-3793EF7F1033}.Release|Windows-ARM.Build.0 = Release|Any CPU
		{2FAE52A7-C35C-4C79-9574-3793EF7F1033}.Release|Windows-x64.ActiveCfg = Release|Any CPU
		{2FAE52A7-C35C-4C79-9574-3793EF7F1033}.Release|Windows-x64.Build.0 = Release|Any CPU
		{2FAE52A7-C35C-4C79-9574-3793EF7F1033}.Release|Windows-x86.ActiveCfg = Release|Any CPU
		{2FAE52A7-C35C-4C79-9574-3793EF7F1033}.Release|Windows-x86.Build.0 = Release|Any CPU
		{60DC190A-247C-4324-B3D0-1EBFDA5EC023}.Debug|Android.ActiveCfg = Debug|Any CPU
		{60DC190A-247C-4324-B3D0-1EBFDA5EC023}.Debug|Android.Build.0 = Debug|Any CPU
		{60DC190A-247C-4324-B3D0-1EBFDA5EC023}.Debug|Any CPU.ActiveCfg = Debug|Any CPU
		{60DC190A-247C-4324-B3D0-1EBFDA5EC023}.Debug|Any CPU.Build.0 = Debug|Any CPU
		{60DC190A-247C-4324-B3D0-1EBFDA5EC023}.Debug|iOS.ActiveCfg = Debug|Any CPU
		{60DC190A-247C-4324-B3D0-1EBFDA5EC023}.Debug|iOS.Build.0 = Debug|Any CPU
		{60DC190A-247C-4324-B3D0-1EBFDA5EC023}.Debug|Windows-ARM.ActiveCfg = Debug|Any CPU
		{60DC190A-247C-4324-B3D0-1EBFDA5EC023}.Debug|Windows-ARM.Build.0 = Debug|Any CPU
		{60DC190A-247C-4324-B3D0-1EBFDA5EC023}.Debug|Windows-x64.ActiveCfg = Debug|Any CPU
		{60DC190A-247C-4324-B3D0-1EBFDA5EC023}.Debug|Windows-x64.Build.0 = Debug|Any CPU
		{60DC190A-247C-4324-B3D0-1EBFDA5EC023}.Debug|Windows-x86.ActiveCfg = Debug|Any CPU
		{60DC190A-247C-4324-B3D0-1EBFDA5EC023}.Debug|Windows-x86.Build.0 = Debug|Any CPU
		{60DC190A-247C-4324-B3D0-1EBFDA5EC023}.Release|Android.ActiveCfg = Release|Any CPU
		{60DC190A-247C-4324-B3D0-1EBFDA5EC023}.Release|Android.Build.0 = Release|Any CPU
		{60DC190A-247C-4324-B3D0-1EBFDA5EC023}.Release|Any CPU.ActiveCfg = Release|Any CPU
		{60DC190A-247C-4324-B3D0-1EBFDA5EC023}.Release|Any CPU.Build.0 = Release|Any CPU
		{60DC190A-247C-4324-B3D0-1EBFDA5EC023}.Release|iOS.ActiveCfg = Release|Any CPU
		{60DC190A-247C-4324-B3D0-1EBFDA5EC023}.Release|iOS.Build.0 = Release|Any CPU
		{60DC190A-247C-4324-B3D0-1EBFDA5EC023}.Release|Windows-ARM.ActiveCfg = Release|Any CPU
		{60DC190A-247C-4324-B3D0-1EBFDA5EC023}.Release|Windows-ARM.Build.0 = Release|Any CPU
		{60DC190A-247C-4324-B3D0-1EBFDA5EC023}.Release|Windows-x64.ActiveCfg = Release|Any CPU
		{60DC190A-247C-4324-B3D0-1EBFDA5EC023}.Release|Windows-x64.Build.0 = Release|Any CPU
		{60DC190A-247C-4324-B3D0-1EBFDA5EC023}.Release|Windows-x86.ActiveCfg = Release|Any CPU
		{60DC190A-247C-4324-B3D0-1EBFDA5EC023}.Release|Windows-x86.Build.0 = Release|Any CPU
		{CCA2AE35-F6AA-4523-AAF4-081D6B2FA76E}.Debug|Android.ActiveCfg = Debug|Any CPU
		{CCA2AE35-F6AA-4523-AAF4-081D6B2FA76E}.Debug|Android.Build.0 = Debug|Any CPU
		{CCA2AE35-F6AA-4523-AAF4-081D6B2FA76E}.Debug|Any CPU.ActiveCfg = Debug|Any CPU
		{CCA2AE35-F6AA-4523-AAF4-081D6B2FA76E}.Debug|Any CPU.Build.0 = Debug|Any CPU
		{CCA2AE35-F6AA-4523-AAF4-081D6B2FA76E}.Debug|iOS.ActiveCfg = Debug|Any CPU
		{CCA2AE35-F6AA-4523-AAF4-081D6B2FA76E}.Debug|iOS.Build.0 = Debug|Any CPU
		{CCA2AE35-F6AA-4523-AAF4-081D6B2FA76E}.Debug|Windows-ARM.ActiveCfg = Debug|Any CPU
		{CCA2AE35-F6AA-4523-AAF4-081D6B2FA76E}.Debug|Windows-ARM.Build.0 = Debug|Any CPU
		{CCA2AE35-F6AA-4523-AAF4-081D6B2FA76E}.Debug|Windows-x64.ActiveCfg = Debug|Any CPU
		{CCA2AE35-F6AA-4523-AAF4-081D6B2FA76E}.Debug|Windows-x64.Build.0 = Debug|Any CPU
		{CCA2AE35-F6AA-4523-AAF4-081D6B2FA76E}.Debug|Windows-x86.ActiveCfg = Debug|Any CPU
		{CCA2AE35-F6AA-4523-AAF4-081D6B2FA76E}.Debug|Windows-x86.Build.0 = Debug|Any CPU
		{CCA2AE35-F6AA-4523-AAF4-081D6B2FA76E}.Release|Android.ActiveCfg = Release|Any CPU
		{CCA2AE35-F6AA-4523-AAF4-081D6B2FA76E}.Release|Android.Build.0 = Release|Any CPU
		{CCA2AE35-F6AA-4523-AAF4-081D6B2FA76E}.Release|Any CPU.ActiveCfg = Release|Any CPU
		{CCA2AE35-F6AA-4523-AAF4-081D6B2FA76E}.Release|Any CPU.Build.0 = Release|Any CPU
		{CCA2AE35-F6AA-4523-AAF4-081D6B2FA76E}.Release|iOS.ActiveCfg = Release|Any CPU
		{CCA2AE35-F6AA-4523-AAF4-081D6B2FA76E}.Release|iOS.Build.0 = Release|Any CPU
		{CCA2AE35-F6AA-4523-AAF4-081D6B2FA76E}.Release|Windows-ARM.ActiveCfg = Release|Any CPU
		{CCA2AE35-F6AA-4523-AAF4-081D6B2FA76E}.Release|Windows-ARM.Build.0 = Release|Any CPU
		{CCA2AE35-F6AA-4523-AAF4-081D6B2FA76E}.Release|Windows-x64.ActiveCfg = Release|Any CPU
		{CCA2AE35-F6AA-4523-AAF4-081D6B2FA76E}.Release|Windows-x64.Build.0 = Release|Any CPU
		{CCA2AE35-F6AA-4523-AAF4-081D6B2FA76E}.Release|Windows-x86.ActiveCfg = Release|Any CPU
		{CCA2AE35-F6AA-4523-AAF4-081D6B2FA76E}.Release|Windows-x86.Build.0 = Release|Any CPU
		{50F08C42-8402-4CD1-BBA5-BC2A1FDF5CA4}.Debug|Android.ActiveCfg = Debug|Any CPU
		{50F08C42-8402-4CD1-BBA5-BC2A1FDF5CA4}.Debug|Android.Build.0 = Debug|Any CPU
		{50F08C42-8402-4CD1-BBA5-BC2A1FDF5CA4}.Debug|Any CPU.ActiveCfg = Debug|Any CPU
		{50F08C42-8402-4CD1-BBA5-BC2A1FDF5CA4}.Debug|Any CPU.Build.0 = Debug|Any CPU
		{50F08C42-8402-4CD1-BBA5-BC2A1FDF5CA4}.Debug|iOS.ActiveCfg = Debug|Any CPU
		{50F08C42-8402-4CD1-BBA5-BC2A1FDF5CA4}.Debug|iOS.Build.0 = Debug|Any CPU
		{50F08C42-8402-4CD1-BBA5-BC2A1FDF5CA4}.Debug|Windows-ARM.ActiveCfg = Debug|Any CPU
		{50F08C42-8402-4CD1-BBA5-BC2A1FDF5CA4}.Debug|Windows-ARM.Build.0 = Debug|Any CPU
		{50F08C42-8402-4CD1-BBA5-BC2A1FDF5CA4}.Debug|Windows-x64.ActiveCfg = Debug|Any CPU
		{50F08C42-8402-4CD1-BBA5-BC2A1FDF5CA4}.Debug|Windows-x64.Build.0 = Debug|Any CPU
		{50F08C42-8402-4CD1-BBA5-BC2A1FDF5CA4}.Debug|Windows-x86.ActiveCfg = Debug|Any CPU
		{50F08C42-8402-4CD1-BBA5-BC2A1FDF5CA4}.Debug|Windows-x86.Build.0 = Debug|Any CPU
		{50F08C42-8402-4CD1-BBA5-BC2A1FDF5CA4}.Release|Android.ActiveCfg = Release|Any CPU
		{50F08C42-8402-4CD1-BBA5-BC2A1FDF5CA4}.Release|Android.Build.0 = Release|Any CPU
		{50F08C42-8402-4CD1-BBA5-BC2A1FDF5CA4}.Release|Any CPU.ActiveCfg = Release|Any CPU
		{50F08C42-8402-4CD1-BBA5-BC2A1FDF5CA4}.Release|Any CPU.Build.0 = Release|Any CPU
		{50F08C42-8402-4CD1-BBA5-BC2A1FDF5CA4}.Release|iOS.ActiveCfg = Release|Any CPU
		{50F08C42-8402-4CD1-BBA5-BC2A1FDF5CA4}.Release|iOS.Build.0 = Release|Any CPU
		{50F08C42-8402-4CD1-BBA5-BC2A1FDF5CA4}.Release|Windows-ARM.ActiveCfg = Release|Any CPU
		{50F08C42-8402-4CD1-BBA5-BC2A1FDF5CA4}.Release|Windows-ARM.Build.0 = Release|Any CPU
		{50F08C42-8402-4CD1-BBA5-BC2A1FDF5CA4}.Release|Windows-x64.ActiveCfg = Release|Any CPU
		{50F08C42-8402-4CD1-BBA5-BC2A1FDF5CA4}.Release|Windows-x64.Build.0 = Release|Any CPU
		{50F08C42-8402-4CD1-BBA5-BC2A1FDF5CA4}.Release|Windows-x86.ActiveCfg = Release|Any CPU
		{50F08C42-8402-4CD1-BBA5-BC2A1FDF5CA4}.Release|Windows-x86.Build.0 = Release|Any CPU
		{2F9F4EC3-3C85-4586-97F7-953DB7C29432}.Debug|Android.ActiveCfg = Debug|Any CPU
		{2F9F4EC3-3C85-4586-97F7-953DB7C29432}.Debug|Android.Build.0 = Debug|Any CPU
		{2F9F4EC3-3C85-4586-97F7-953DB7C29432}.Debug|Any CPU.ActiveCfg = Debug|Any CPU
		{2F9F4EC3-3C85-4586-97F7-953DB7C29432}.Debug|Any CPU.Build.0 = Debug|Any CPU
		{2F9F4EC3-3C85-4586-97F7-953DB7C29432}.Debug|iOS.ActiveCfg = Debug|Any CPU
		{2F9F4EC3-3C85-4586-97F7-953DB7C29432}.Debug|iOS.Build.0 = Debug|Any CPU
		{2F9F4EC3-3C85-4586-97F7-953DB7C29432}.Debug|Windows-ARM.ActiveCfg = Debug|Any CPU
		{2F9F4EC3-3C85-4586-97F7-953DB7C29432}.Debug|Windows-ARM.Build.0 = Debug|Any CPU
		{2F9F4EC3-3C85-4586-97F7-953DB7C29432}.Debug|Windows-x64.ActiveCfg = Debug|Any CPU
		{2F9F4EC3-3C85-4586-97F7-953DB7C29432}.Debug|Windows-x64.Build.0 = Debug|Any CPU
		{2F9F4EC3-3C85-4586-97F7-953DB7C29432}.Debug|Windows-x86.ActiveCfg = Debug|Any CPU
		{2F9F4EC3-3C85-4586-97F7-953DB7C29432}.Debug|Windows-x86.Build.0 = Debug|Any CPU
		{2F9F4EC3-3C85-4586-97F7-953DB7C29432}.Release|Android.ActiveCfg = Release|Any CPU
		{2F9F4EC3-3C85-4586-97F7-953DB7C29432}.Release|Android.Build.0 = Release|Any CPU
		{2F9F4EC3-3C85-4586-97F7-953DB7C29432}.Release|Any CPU.ActiveCfg = Release|Any CPU
		{2F9F4EC3-3C85-4586-97F7-953DB7C29432}.Release|Any CPU.Build.0 = Release|Any CPU
		{2F9F4EC3-3C85-4586-97F7-953DB7C29432}.Release|iOS.ActiveCfg = Release|Any CPU
		{2F9F4EC3-3C85-4586-97F7-953DB7C29432}.Release|iOS.Build.0 = Release|Any CPU
		{2F9F4EC3-3C85-4586-97F7-953DB7C29432}.Release|Windows-ARM.ActiveCfg = Release|Any CPU
		{2F9F4EC3-3C85-4586-97F7-953DB7C29432}.Release|Windows-ARM.Build.0 = Release|Any CPU
		{2F9F4EC3-3C85-4586-97F7-953DB7C29432}.Release|Windows-x64.ActiveCfg = Release|Any CPU
		{2F9F4EC3-3C85-4586-97F7-953DB7C29432}.Release|Windows-x64.Build.0 = Release|Any CPU
		{2F9F4EC3-3C85-4586-97F7-953DB7C29432}.Release|Windows-x86.ActiveCfg = Release|Any CPU
		{2F9F4EC3-3C85-4586-97F7-953DB7C29432}.Release|Windows-x86.Build.0 = Release|Any CPU
		{4DAFCEB3-BDF3-453A-9BE7-A5C9C0E95EEF}.Debug|Android.ActiveCfg = Debug|Any CPU
		{4DAFCEB3-BDF3-453A-9BE7-A5C9C0E95EEF}.Debug|Android.Build.0 = Debug|Any CPU
		{4DAFCEB3-BDF3-453A-9BE7-A5C9C0E95EEF}.Debug|Any CPU.ActiveCfg = Debug|Any CPU
		{4DAFCEB3-BDF3-453A-9BE7-A5C9C0E95EEF}.Debug|Any CPU.Build.0 = Debug|Any CPU
		{4DAFCEB3-BDF3-453A-9BE7-A5C9C0E95EEF}.Debug|iOS.ActiveCfg = Debug|Any CPU
		{4DAFCEB3-BDF3-453A-9BE7-A5C9C0E95EEF}.Debug|iOS.Build.0 = Debug|Any CPU
		{4DAFCEB3-BDF3-453A-9BE7-A5C9C0E95EEF}.Debug|Windows-ARM.ActiveCfg = Debug|Any CPU
		{4DAFCEB3-BDF3-453A-9BE7-A5C9C0E95EEF}.Debug|Windows-ARM.Build.0 = Debug|Any CPU
		{4DAFCEB3-BDF3-453A-9BE7-A5C9C0E95EEF}.Debug|Windows-x64.ActiveCfg = Debug|Any CPU
		{4DAFCEB3-BDF3-453A-9BE7-A5C9C0E95EEF}.Debug|Windows-x64.Build.0 = Debug|Any CPU
		{4DAFCEB3-BDF3-453A-9BE7-A5C9C0E95EEF}.Debug|Windows-x86.ActiveCfg = Debug|Any CPU
		{4DAFCEB3-BDF3-453A-9BE7-A5C9C0E95EEF}.Debug|Windows-x86.Build.0 = Debug|Any CPU
		{4DAFCEB3-BDF3-453A-9BE7-A5C9C0E95EEF}.Release|Android.ActiveCfg = Release|Any CPU
		{4DAFCEB3-BDF3-453A-9BE7-A5C9C0E95EEF}.Release|Android.Build.0 = Release|Any CPU
		{4DAFCEB3-BDF3-453A-9BE7-A5C9C0E95EEF}.Release|Any CPU.ActiveCfg = Release|Any CPU
		{4DAFCEB3-BDF3-453A-9BE7-A5C9C0E95EEF}.Release|Any CPU.Build.0 = Release|Any CPU
		{4DAFCEB3-BDF3-453A-9BE7-A5C9C0E95EEF}.Release|iOS.ActiveCfg = Release|Any CPU
		{4DAFCEB3-BDF3-453A-9BE7-A5C9C0E95EEF}.Release|iOS.Build.0 = Release|Any CPU
		{4DAFCEB3-BDF3-453A-9BE7-A5C9C0E95EEF}.Release|Windows-ARM.ActiveCfg = Release|Any CPU
		{4DAFCEB3-BDF3-453A-9BE7-A5C9C0E95EEF}.Release|Windows-ARM.Build.0 = Release|Any CPU
		{4DAFCEB3-BDF3-453A-9BE7-A5C9C0E95EEF}.Release|Windows-x64.ActiveCfg = Release|Any CPU
		{4DAFCEB3-BDF3-453A-9BE7-A5C9C0E95EEF}.Release|Windows-x64.Build.0 = Release|Any CPU
		{4DAFCEB3-BDF3-453A-9BE7-A5C9C0E95EEF}.Release|Windows-x86.ActiveCfg = Release|Any CPU
		{4DAFCEB3-BDF3-453A-9BE7-A5C9C0E95EEF}.Release|Windows-x86.Build.0 = Release|Any CPU
		{C8930FAC-F323-432F-8D58-11CFD8AD5C01}.Debug|Android.ActiveCfg = Debug|Any CPU
		{C8930FAC-F323-432F-8D58-11CFD8AD5C01}.Debug|Android.Build.0 = Debug|Any CPU
		{C8930FAC-F323-432F-8D58-11CFD8AD5C01}.Debug|Any CPU.ActiveCfg = Debug|Any CPU
		{C8930FAC-F323-432F-8D58-11CFD8AD5C01}.Debug|Any CPU.Build.0 = Debug|Any CPU
		{C8930FAC-F323-432F-8D58-11CFD8AD5C01}.Debug|iOS.ActiveCfg = Debug|Any CPU
		{C8930FAC-F323-432F-8D58-11CFD8AD5C01}.Debug|iOS.Build.0 = Debug|Any CPU
		{C8930FAC-F323-432F-8D58-11CFD8AD5C01}.Debug|Windows-ARM.ActiveCfg = Debug|Any CPU
		{C8930FAC-F323-432F-8D58-11CFD8AD5C01}.Debug|Windows-ARM.Build.0 = Debug|Any CPU
		{C8930FAC-F323-432F-8D58-11CFD8AD5C01}.Debug|Windows-x64.ActiveCfg = Debug|Any CPU
		{C8930FAC-F323-432F-8D58-11CFD8AD5C01}.Debug|Windows-x64.Build.0 = Debug|Any CPU
		{C8930FAC-F323-432F-8D58-11CFD8AD5C01}.Debug|Windows-x86.ActiveCfg = Debug|Any CPU
		{C8930FAC-F323-432F-8D58-11CFD8AD5C01}.Debug|Windows-x86.Build.0 = Debug|Any CPU
		{C8930FAC-F323-432F-8D58-11CFD8AD5C01}.Release|Android.ActiveCfg = Release|Any CPU
		{C8930FAC-F323-432F-8D58-11CFD8AD5C01}.Release|Android.Build.0 = Release|Any CPU
		{C8930FAC-F323-432F-8D58-11CFD8AD5C01}.Release|Any CPU.ActiveCfg = Release|Any CPU
		{C8930FAC-F323-432F-8D58-11CFD8AD5C01}.Release|Any CPU.Build.0 = Release|Any CPU
		{C8930FAC-F323-432F-8D58-11CFD8AD5C01}.Release|iOS.ActiveCfg = Release|Any CPU
		{C8930FAC-F323-432F-8D58-11CFD8AD5C01}.Release|iOS.Build.0 = Release|Any CPU
		{C8930FAC-F323-432F-8D58-11CFD8AD5C01}.Release|Windows-ARM.ActiveCfg = Release|Any CPU
		{C8930FAC-F323-432F-8D58-11CFD8AD5C01}.Release|Windows-ARM.Build.0 = Release|Any CPU
		{C8930FAC-F323-432F-8D58-11CFD8AD5C01}.Release|Windows-x64.ActiveCfg = Release|Any CPU
		{C8930FAC-F323-432F-8D58-11CFD8AD5C01}.Release|Windows-x64.Build.0 = Release|Any CPU
		{C8930FAC-F323-432F-8D58-11CFD8AD5C01}.Release|Windows-x86.ActiveCfg = Release|Any CPU
		{C8930FAC-F323-432F-8D58-11CFD8AD5C01}.Release|Windows-x86.Build.0 = Release|Any CPU
		{76764E06-76B6-44B6-B83D-87C818669B9A}.Debug|Android.ActiveCfg = Debug|Any CPU
		{76764E06-76B6-44B6-B83D-87C818669B9A}.Debug|Android.Build.0 = Debug|Any CPU
		{76764E06-76B6-44B6-B83D-87C818669B9A}.Debug|Any CPU.ActiveCfg = Debug|Any CPU
		{76764E06-76B6-44B6-B83D-87C818669B9A}.Debug|Any CPU.Build.0 = Debug|Any CPU
		{76764E06-76B6-44B6-B83D-87C818669B9A}.Debug|iOS.ActiveCfg = Debug|Any CPU
		{76764E06-76B6-44B6-B83D-87C818669B9A}.Debug|iOS.Build.0 = Debug|Any CPU
		{76764E06-76B6-44B6-B83D-87C818669B9A}.Debug|Windows-ARM.ActiveCfg = Debug|Any CPU
		{76764E06-76B6-44B6-B83D-87C818669B9A}.Debug|Windows-ARM.Build.0 = Debug|Any CPU
		{76764E06-76B6-44B6-B83D-87C818669B9A}.Debug|Windows-x64.ActiveCfg = Debug|Any CPU
		{76764E06-76B6-44B6-B83D-87C818669B9A}.Debug|Windows-x64.Build.0 = Debug|Any CPU
		{76764E06-76B6-44B6-B83D-87C818669B9A}.Debug|Windows-x86.ActiveCfg = Debug|Any CPU
		{76764E06-76B6-44B6-B83D-87C818669B9A}.Debug|Windows-x86.Build.0 = Debug|Any CPU
		{76764E06-76B6-44B6-B83D-87C818669B9A}.Release|Android.ActiveCfg = Release|Any CPU
		{76764E06-76B6-44B6-B83D-87C818669B9A}.Release|Android.Build.0 = Release|Any CPU
		{76764E06-76B6-44B6-B83D-87C818669B9A}.Release|Any CPU.ActiveCfg = Release|Any CPU
		{76764E06-76B6-44B6-B83D-87C818669B9A}.Release|Any CPU.Build.0 = Release|Any CPU
		{76764E06-76B6-44B6-B83D-87C818669B9A}.Release|iOS.ActiveCfg = Release|Any CPU
		{76764E06-76B6-44B6-B83D-87C818669B9A}.Release|iOS.Build.0 = Release|Any CPU
		{76764E06-76B6-44B6-B83D-87C818669B9A}.Release|Windows-ARM.ActiveCfg = Release|Any CPU
		{76764E06-76B6-44B6-B83D-87C818669B9A}.Release|Windows-ARM.Build.0 = Release|Any CPU
		{76764E06-76B6-44B6-B83D-87C818669B9A}.Release|Windows-x64.ActiveCfg = Release|Any CPU
		{76764E06-76B6-44B6-B83D-87C818669B9A}.Release|Windows-x64.Build.0 = Release|Any CPU
		{76764E06-76B6-44B6-B83D-87C818669B9A}.Release|Windows-x86.ActiveCfg = Release|Any CPU
		{76764E06-76B6-44B6-B83D-87C818669B9A}.Release|Windows-x86.Build.0 = Release|Any CPU
		{25DA84A0-F4F1-4DC8-A343-0DA2F20C6F37}.Debug|Android.ActiveCfg = Debug|Any CPU
		{25DA84A0-F4F1-4DC8-A343-0DA2F20C6F37}.Debug|Android.Build.0 = Debug|Any CPU
		{25DA84A0-F4F1-4DC8-A343-0DA2F20C6F37}.Debug|Any CPU.ActiveCfg = Debug|Any CPU
		{25DA84A0-F4F1-4DC8-A343-0DA2F20C6F37}.Debug|Any CPU.Build.0 = Debug|Any CPU
		{25DA84A0-F4F1-4DC8-A343-0DA2F20C6F37}.Debug|iOS.ActiveCfg = Debug|Any CPU
		{25DA84A0-F4F1-4DC8-A343-0DA2F20C6F37}.Debug|iOS.Build.0 = Debug|Any CPU
		{25DA84A0-F4F1-4DC8-A343-0DA2F20C6F37}.Debug|Windows-ARM.ActiveCfg = Debug|Any CPU
		{25DA84A0-F4F1-4DC8-A343-0DA2F20C6F37}.Debug|Windows-ARM.Build.0 = Debug|Any CPU
		{25DA84A0-F4F1-4DC8-A343-0DA2F20C6F37}.Debug|Windows-x64.ActiveCfg = Debug|Any CPU
		{25DA84A0-F4F1-4DC8-A343-0DA2F20C6F37}.Debug|Windows-x64.Build.0 = Debug|Any CPU
		{25DA84A0-F4F1-4DC8-A343-0DA2F20C6F37}.Debug|Windows-x86.ActiveCfg = Debug|Any CPU
		{25DA84A0-F4F1-4DC8-A343-0DA2F20C6F37}.Debug|Windows-x86.Build.0 = Debug|Any CPU
		{25DA84A0-F4F1-4DC8-A343-0DA2F20C6F37}.Release|Android.ActiveCfg = Release|Any CPU
		{25DA84A0-F4F1-4DC8-A343-0DA2F20C6F37}.Release|Android.Build.0 = Release|Any CPU
		{25DA84A0-F4F1-4DC8-A343-0DA2F20C6F37}.Release|Any CPU.ActiveCfg = Release|Any CPU
		{25DA84A0-F4F1-4DC8-A343-0DA2F20C6F37}.Release|Any CPU.Build.0 = Release|Any CPU
		{25DA84A0-F4F1-4DC8-A343-0DA2F20C6F37}.Release|iOS.ActiveCfg = Release|Any CPU
		{25DA84A0-F4F1-4DC8-A343-0DA2F20C6F37}.Release|iOS.Build.0 = Release|Any CPU
		{25DA84A0-F4F1-4DC8-A343-0DA2F20C6F37}.Release|Windows-ARM.ActiveCfg = Release|Any CPU
		{25DA84A0-F4F1-4DC8-A343-0DA2F20C6F37}.Release|Windows-ARM.Build.0 = Release|Any CPU
		{25DA84A0-F4F1-4DC8-A343-0DA2F20C6F37}.Release|Windows-x64.ActiveCfg = Release|Any CPU
		{25DA84A0-F4F1-4DC8-A343-0DA2F20C6F37}.Release|Windows-x64.Build.0 = Release|Any CPU
		{25DA84A0-F4F1-4DC8-A343-0DA2F20C6F37}.Release|Windows-x86.ActiveCfg = Release|Any CPU
		{25DA84A0-F4F1-4DC8-A343-0DA2F20C6F37}.Release|Windows-x86.Build.0 = Release|Any CPU
		{AED5A9D2-3A93-49EC-8AB4-3D0370E4F9A2}.Debug|Android.ActiveCfg = Debug|Any CPU
		{AED5A9D2-3A93-49EC-8AB4-3D0370E4F9A2}.Debug|Android.Build.0 = Debug|Any CPU
		{AED5A9D2-3A93-49EC-8AB4-3D0370E4F9A2}.Debug|Any CPU.ActiveCfg = Debug|Any CPU
		{AED5A9D2-3A93-49EC-8AB4-3D0370E4F9A2}.Debug|Any CPU.Build.0 = Debug|Any CPU
		{AED5A9D2-3A93-49EC-8AB4-3D0370E4F9A2}.Debug|iOS.ActiveCfg = Debug|Any CPU
		{AED5A9D2-3A93-49EC-8AB4-3D0370E4F9A2}.Debug|iOS.Build.0 = Debug|Any CPU
		{AED5A9D2-3A93-49EC-8AB4-3D0370E4F9A2}.Debug|Windows-ARM.ActiveCfg = Debug|Any CPU
		{AED5A9D2-3A93-49EC-8AB4-3D0370E4F9A2}.Debug|Windows-ARM.Build.0 = Debug|Any CPU
		{AED5A9D2-3A93-49EC-8AB4-3D0370E4F9A2}.Debug|Windows-x64.ActiveCfg = Debug|Any CPU
		{AED5A9D2-3A93-49EC-8AB4-3D0370E4F9A2}.Debug|Windows-x64.Build.0 = Debug|Any CPU
		{AED5A9D2-3A93-49EC-8AB4-3D0370E4F9A2}.Debug|Windows-x86.ActiveCfg = Debug|Any CPU
		{AED5A9D2-3A93-49EC-8AB4-3D0370E4F9A2}.Debug|Windows-x86.Build.0 = Debug|Any CPU
		{AED5A9D2-3A93-49EC-8AB4-3D0370E4F9A2}.Release|Android.ActiveCfg = Release|Any CPU
		{AED5A9D2-3A93-49EC-8AB4-3D0370E4F9A2}.Release|Android.Build.0 = Release|Any CPU
		{AED5A9D2-3A93-49EC-8AB4-3D0370E4F9A2}.Release|Any CPU.ActiveCfg = Release|Any CPU
		{AED5A9D2-3A93-49EC-8AB4-3D0370E4F9A2}.Release|Any CPU.Build.0 = Release|Any CPU
		{AED5A9D2-3A93-49EC-8AB4-3D0370E4F9A2}.Release|iOS.ActiveCfg = Release|Any CPU
		{AED5A9D2-3A93-49EC-8AB4-3D0370E4F9A2}.Release|iOS.Build.0 = Release|Any CPU
		{AED5A9D2-3A93-49EC-8AB4-3D0370E4F9A2}.Release|Windows-ARM.ActiveCfg = Release|Any CPU
		{AED5A9D2-3A93-49EC-8AB4-3D0370E4F9A2}.Release|Windows-ARM.Build.0 = Release|Any CPU
		{AED5A9D2-3A93-49EC-8AB4-3D0370E4F9A2}.Release|Windows-x64.ActiveCfg = Release|Any CPU
		{AED5A9D2-3A93-49EC-8AB4-3D0370E4F9A2}.Release|Windows-x64.Build.0 = Release|Any CPU
		{AED5A9D2-3A93-49EC-8AB4-3D0370E4F9A2}.Release|Windows-x86.ActiveCfg = Release|Any CPU
		{AED5A9D2-3A93-49EC-8AB4-3D0370E4F9A2}.Release|Windows-x86.Build.0 = Release|Any CPU
		{454818B8-F53E-4858-86F7-CC83B3BB9697}.Debug|Android.ActiveCfg = Debug|Any CPU
		{454818B8-F53E-4858-86F7-CC83B3BB9697}.Debug|Android.Build.0 = Debug|Any CPU
		{454818B8-F53E-4858-86F7-CC83B3BB9697}.Debug|Any CPU.ActiveCfg = Debug|Any CPU
		{454818B8-F53E-4858-86F7-CC83B3BB9697}.Debug|Any CPU.Build.0 = Debug|Any CPU
		{454818B8-F53E-4858-86F7-CC83B3BB9697}.Debug|iOS.ActiveCfg = Debug|Any CPU
		{454818B8-F53E-4858-86F7-CC83B3BB9697}.Debug|iOS.Build.0 = Debug|Any CPU
		{454818B8-F53E-4858-86F7-CC83B3BB9697}.Debug|Windows-ARM.ActiveCfg = Debug|Any CPU
		{454818B8-F53E-4858-86F7-CC83B3BB9697}.Debug|Windows-ARM.Build.0 = Debug|Any CPU
		{454818B8-F53E-4858-86F7-CC83B3BB9697}.Debug|Windows-x64.ActiveCfg = Debug|Any CPU
		{454818B8-F53E-4858-86F7-CC83B3BB9697}.Debug|Windows-x64.Build.0 = Debug|Any CPU
		{454818B8-F53E-4858-86F7-CC83B3BB9697}.Debug|Windows-x86.ActiveCfg = Debug|Any CPU
		{454818B8-F53E-4858-86F7-CC83B3BB9697}.Debug|Windows-x86.Build.0 = Debug|Any CPU
		{454818B8-F53E-4858-86F7-CC83B3BB9697}.Release|Android.ActiveCfg = Release|Any CPU
		{454818B8-F53E-4858-86F7-CC83B3BB9697}.Release|Android.Build.0 = Release|Any CPU
		{454818B8-F53E-4858-86F7-CC83B3BB9697}.Release|Any CPU.ActiveCfg = Release|Any CPU
		{454818B8-F53E-4858-86F7-CC83B3BB9697}.Release|Any CPU.Build.0 = Release|Any CPU
		{454818B8-F53E-4858-86F7-CC83B3BB9697}.Release|iOS.ActiveCfg = Release|Any CPU
		{454818B8-F53E-4858-86F7-CC83B3BB9697}.Release|iOS.Build.0 = Release|Any CPU
		{454818B8-F53E-4858-86F7-CC83B3BB9697}.Release|Windows-ARM.ActiveCfg = Release|Any CPU
		{454818B8-F53E-4858-86F7-CC83B3BB9697}.Release|Windows-ARM.Build.0 = Release|Any CPU
		{454818B8-F53E-4858-86F7-CC83B3BB9697}.Release|Windows-x64.ActiveCfg = Release|Any CPU
		{454818B8-F53E-4858-86F7-CC83B3BB9697}.Release|Windows-x64.Build.0 = Release|Any CPU
		{454818B8-F53E-4858-86F7-CC83B3BB9697}.Release|Windows-x86.ActiveCfg = Release|Any CPU
		{454818B8-F53E-4858-86F7-CC83B3BB9697}.Release|Windows-x86.Build.0 = Release|Any CPU
		{329EB764-689A-4A78-B581-ADA8B3D28770}.Debug|Android.ActiveCfg = Debug|Any CPU
		{329EB764-689A-4A78-B581-ADA8B3D28770}.Debug|Android.Build.0 = Debug|Any CPU
		{329EB764-689A-4A78-B581-ADA8B3D28770}.Debug|Any CPU.ActiveCfg = Debug|Any CPU
		{329EB764-689A-4A78-B581-ADA8B3D28770}.Debug|Any CPU.Build.0 = Debug|Any CPU
		{329EB764-689A-4A78-B581-ADA8B3D28770}.Debug|iOS.ActiveCfg = Debug|Any CPU
		{329EB764-689A-4A78-B581-ADA8B3D28770}.Debug|iOS.Build.0 = Debug|Any CPU
		{329EB764-689A-4A78-B581-ADA8B3D28770}.Debug|Windows-ARM.ActiveCfg = Debug|Any CPU
		{329EB764-689A-4A78-B581-ADA8B3D28770}.Debug|Windows-ARM.Build.0 = Debug|Any CPU
		{329EB764-689A-4A78-B581-ADA8B3D28770}.Debug|Windows-x64.ActiveCfg = Debug|Any CPU
		{329EB764-689A-4A78-B581-ADA8B3D28770}.Debug|Windows-x64.Build.0 = Debug|Any CPU
		{329EB764-689A-4A78-B581-ADA8B3D28770}.Debug|Windows-x86.ActiveCfg = Debug|Any CPU
		{329EB764-689A-4A78-B581-ADA8B3D28770}.Debug|Windows-x86.Build.0 = Debug|Any CPU
		{329EB764-689A-4A78-B581-ADA8B3D28770}.Release|Android.ActiveCfg = Release|Any CPU
		{329EB764-689A-4A78-B581-ADA8B3D28770}.Release|Android.Build.0 = Release|Any CPU
		{329EB764-689A-4A78-B581-ADA8B3D28770}.Release|Any CPU.ActiveCfg = Release|Any CPU
		{329EB764-689A-4A78-B581-ADA8B3D28770}.Release|Any CPU.Build.0 = Release|Any CPU
		{329EB764-689A-4A78-B581-ADA8B3D28770}.Release|iOS.ActiveCfg = Release|Any CPU
		{329EB764-689A-4A78-B581-ADA8B3D28770}.Release|iOS.Build.0 = Release|Any CPU
		{329EB764-689A-4A78-B581-ADA8B3D28770}.Release|Windows-ARM.ActiveCfg = Release|Any CPU
		{329EB764-689A-4A78-B581-ADA8B3D28770}.Release|Windows-ARM.Build.0 = Release|Any CPU
		{329EB764-689A-4A78-B581-ADA8B3D28770}.Release|Windows-x64.ActiveCfg = Release|Any CPU
		{329EB764-689A-4A78-B581-ADA8B3D28770}.Release|Windows-x64.Build.0 = Release|Any CPU
		{329EB764-689A-4A78-B581-ADA8B3D28770}.Release|Windows-x86.ActiveCfg = Release|Any CPU
		{329EB764-689A-4A78-B581-ADA8B3D28770}.Release|Windows-x86.Build.0 = Release|Any CPU
		{FA3EC9C7-3260-4115-BEA8-0BBC7A966CBF}.Debug|Android.ActiveCfg = Debug|Any CPU
		{FA3EC9C7-3260-4115-BEA8-0BBC7A966CBF}.Debug|Android.Build.0 = Debug|Any CPU
		{FA3EC9C7-3260-4115-BEA8-0BBC7A966CBF}.Debug|Any CPU.ActiveCfg = Debug|Any CPU
		{FA3EC9C7-3260-4115-BEA8-0BBC7A966CBF}.Debug|Any CPU.Build.0 = Debug|Any CPU
		{FA3EC9C7-3260-4115-BEA8-0BBC7A966CBF}.Debug|iOS.ActiveCfg = Debug|Any CPU
		{FA3EC9C7-3260-4115-BEA8-0BBC7A966CBF}.Debug|iOS.Build.0 = Debug|Any CPU
		{FA3EC9C7-3260-4115-BEA8-0BBC7A966CBF}.Debug|Windows-ARM.ActiveCfg = Debug|Any CPU
		{FA3EC9C7-3260-4115-BEA8-0BBC7A966CBF}.Debug|Windows-ARM.Build.0 = Debug|Any CPU
		{FA3EC9C7-3260-4115-BEA8-0BBC7A966CBF}.Debug|Windows-x64.ActiveCfg = Debug|Any CPU
		{FA3EC9C7-3260-4115-BEA8-0BBC7A966CBF}.Debug|Windows-x64.Build.0 = Debug|Any CPU
		{FA3EC9C7-3260-4115-BEA8-0BBC7A966CBF}.Debug|Windows-x86.ActiveCfg = Debug|Any CPU
		{FA3EC9C7-3260-4115-BEA8-0BBC7A966CBF}.Debug|Windows-x86.Build.0 = Debug|Any CPU
		{FA3EC9C7-3260-4115-BEA8-0BBC7A966CBF}.Release|Android.ActiveCfg = Release|Any CPU
		{FA3EC9C7-3260-4115-BEA8-0BBC7A966CBF}.Release|Android.Build.0 = Release|Any CPU
		{FA3EC9C7-3260-4115-BEA8-0BBC7A966CBF}.Release|Any CPU.ActiveCfg = Release|Any CPU
		{FA3EC9C7-3260-4115-BEA8-0BBC7A966CBF}.Release|Any CPU.Build.0 = Release|Any CPU
		{FA3EC9C7-3260-4115-BEA8-0BBC7A966CBF}.Release|iOS.ActiveCfg = Release|Any CPU
		{FA3EC9C7-3260-4115-BEA8-0BBC7A966CBF}.Release|iOS.Build.0 = Release|Any CPU
		{FA3EC9C7-3260-4115-BEA8-0BBC7A966CBF}.Release|Windows-ARM.ActiveCfg = Release|Any CPU
		{FA3EC9C7-3260-4115-BEA8-0BBC7A966CBF}.Release|Windows-ARM.Build.0 = Release|Any CPU
		{FA3EC9C7-3260-4115-BEA8-0BBC7A966CBF}.Release|Windows-x64.ActiveCfg = Release|Any CPU
		{FA3EC9C7-3260-4115-BEA8-0BBC7A966CBF}.Release|Windows-x64.Build.0 = Release|Any CPU
		{FA3EC9C7-3260-4115-BEA8-0BBC7A966CBF}.Release|Windows-x86.ActiveCfg = Release|Any CPU
		{FA3EC9C7-3260-4115-BEA8-0BBC7A966CBF}.Release|Windows-x86.Build.0 = Release|Any CPU
		{A9A54DC8-38A2-4177-B993-00F7D05B1D4E}.Debug|Android.ActiveCfg = Debug|Any CPU
		{A9A54DC8-38A2-4177-B993-00F7D05B1D4E}.Debug|Android.Build.0 = Debug|Any CPU
		{A9A54DC8-38A2-4177-B993-00F7D05B1D4E}.Debug|Any CPU.ActiveCfg = Debug|Any CPU
		{A9A54DC8-38A2-4177-B993-00F7D05B1D4E}.Debug|Any CPU.Build.0 = Debug|Any CPU
		{A9A54DC8-38A2-4177-B993-00F7D05B1D4E}.Debug|iOS.ActiveCfg = Debug|Any CPU
		{A9A54DC8-38A2-4177-B993-00F7D05B1D4E}.Debug|iOS.Build.0 = Debug|Any CPU
		{A9A54DC8-38A2-4177-B993-00F7D05B1D4E}.Debug|Windows-ARM.ActiveCfg = Debug|Any CPU
		{A9A54DC8-38A2-4177-B993-00F7D05B1D4E}.Debug|Windows-ARM.Build.0 = Debug|Any CPU
		{A9A54DC8-38A2-4177-B993-00F7D05B1D4E}.Debug|Windows-x64.ActiveCfg = Debug|Any CPU
		{A9A54DC8-38A2-4177-B993-00F7D05B1D4E}.Debug|Windows-x64.Build.0 = Debug|Any CPU
		{A9A54DC8-38A2-4177-B993-00F7D05B1D4E}.Debug|Windows-x86.ActiveCfg = Debug|Any CPU
		{A9A54DC8-38A2-4177-B993-00F7D05B1D4E}.Debug|Windows-x86.Build.0 = Debug|Any CPU
		{A9A54DC8-38A2-4177-B993-00F7D05B1D4E}.Release|Android.ActiveCfg = Release|Any CPU
		{A9A54DC8-38A2-4177-B993-00F7D05B1D4E}.Release|Android.Build.0 = Release|Any CPU
		{A9A54DC8-38A2-4177-B993-00F7D05B1D4E}.Release|Any CPU.ActiveCfg = Release|Any CPU
		{A9A54DC8-38A2-4177-B993-00F7D05B1D4E}.Release|Any CPU.Build.0 = Release|Any CPU
		{A9A54DC8-38A2-4177-B993-00F7D05B1D4E}.Release|iOS.ActiveCfg = Release|Any CPU
		{A9A54DC8-38A2-4177-B993-00F7D05B1D4E}.Release|iOS.Build.0 = Release|Any CPU
		{A9A54DC8-38A2-4177-B993-00F7D05B1D4E}.Release|Windows-ARM.ActiveCfg = Release|Any CPU
		{A9A54DC8-38A2-4177-B993-00F7D05B1D4E}.Release|Windows-ARM.Build.0 = Release|Any CPU
		{A9A54DC8-38A2-4177-B993-00F7D05B1D4E}.Release|Windows-x64.ActiveCfg = Release|Any CPU
		{A9A54DC8-38A2-4177-B993-00F7D05B1D4E}.Release|Windows-x64.Build.0 = Release|Any CPU
		{A9A54DC8-38A2-4177-B993-00F7D05B1D4E}.Release|Windows-x86.ActiveCfg = Release|Any CPU
		{A9A54DC8-38A2-4177-B993-00F7D05B1D4E}.Release|Windows-x86.Build.0 = Release|Any CPU
		{4F7EAC98-B1EC-4941-94E3-9A80E6478492}.Debug|Android.ActiveCfg = Debug|Android
		{4F7EAC98-B1EC-4941-94E3-9A80E6478492}.Debug|Android.Build.0 = Debug|Android
		{4F7EAC98-B1EC-4941-94E3-9A80E6478492}.Debug|Any CPU.ActiveCfg = Debug|Android
		{4F7EAC98-B1EC-4941-94E3-9A80E6478492}.Debug|Any CPU.Build.0 = Debug|Android
		{4F7EAC98-B1EC-4941-94E3-9A80E6478492}.Debug|iOS.ActiveCfg = Debug|Android
		{4F7EAC98-B1EC-4941-94E3-9A80E6478492}.Debug|iOS.Build.0 = Debug|Android
		{4F7EAC98-B1EC-4941-94E3-9A80E6478492}.Debug|Windows-ARM.ActiveCfg = Debug|Android
		{4F7EAC98-B1EC-4941-94E3-9A80E6478492}.Debug|Windows-ARM.Build.0 = Debug|Android
		{4F7EAC98-B1EC-4941-94E3-9A80E6478492}.Debug|Windows-x64.ActiveCfg = Debug|Android
		{4F7EAC98-B1EC-4941-94E3-9A80E6478492}.Debug|Windows-x64.Build.0 = Debug|Android
		{4F7EAC98-B1EC-4941-94E3-9A80E6478492}.Debug|Windows-x86.ActiveCfg = Debug|Android
		{4F7EAC98-B1EC-4941-94E3-9A80E6478492}.Debug|Windows-x86.Build.0 = Debug|Android
		{4F7EAC98-B1EC-4941-94E3-9A80E6478492}.Release|Android.ActiveCfg = Release|Android
		{4F7EAC98-B1EC-4941-94E3-9A80E6478492}.Release|Android.Build.0 = Release|Android
		{4F7EAC98-B1EC-4941-94E3-9A80E6478492}.Release|Any CPU.ActiveCfg = Release|Android
		{4F7EAC98-B1EC-4941-94E3-9A80E6478492}.Release|Any CPU.Build.0 = Release|Android
		{4F7EAC98-B1EC-4941-94E3-9A80E6478492}.Release|iOS.ActiveCfg = Release|Android
		{4F7EAC98-B1EC-4941-94E3-9A80E6478492}.Release|iOS.Build.0 = Release|Android
		{4F7EAC98-B1EC-4941-94E3-9A80E6478492}.Release|Windows-ARM.ActiveCfg = Release|Android
		{4F7EAC98-B1EC-4941-94E3-9A80E6478492}.Release|Windows-ARM.Build.0 = Release|Android
		{4F7EAC98-B1EC-4941-94E3-9A80E6478492}.Release|Windows-x64.ActiveCfg = Release|Android
		{4F7EAC98-B1EC-4941-94E3-9A80E6478492}.Release|Windows-x64.Build.0 = Release|Android
		{4F7EAC98-B1EC-4941-94E3-9A80E6478492}.Release|Windows-x86.ActiveCfg = Release|Android
		{4F7EAC98-B1EC-4941-94E3-9A80E6478492}.Release|Windows-x86.Build.0 = Release|Android
		{D04CDD21-436E-48BA-B2CC-ACE9A710D1D0}.Debug|Android.ActiveCfg = Debug|Android
		{D04CDD21-436E-48BA-B2CC-ACE9A710D1D0}.Debug|Android.Build.0 = Debug|Android
		{D04CDD21-436E-48BA-B2CC-ACE9A710D1D0}.Debug|Any CPU.ActiveCfg = Debug|Android
		{D04CDD21-436E-48BA-B2CC-ACE9A710D1D0}.Debug|Any CPU.Build.0 = Debug|Android
		{D04CDD21-436E-48BA-B2CC-ACE9A710D1D0}.Debug|iOS.ActiveCfg = Debug|Android
		{D04CDD21-436E-48BA-B2CC-ACE9A710D1D0}.Debug|iOS.Build.0 = Debug|Android
		{D04CDD21-436E-48BA-B2CC-ACE9A710D1D0}.Debug|Windows-ARM.ActiveCfg = Debug|Android
		{D04CDD21-436E-48BA-B2CC-ACE9A710D1D0}.Debug|Windows-ARM.Build.0 = Debug|Android
		{D04CDD21-436E-48BA-B2CC-ACE9A710D1D0}.Debug|Windows-x64.ActiveCfg = Debug|Android
		{D04CDD21-436E-48BA-B2CC-ACE9A710D1D0}.Debug|Windows-x64.Build.0 = Debug|Android
		{D04CDD21-436E-48BA-B2CC-ACE9A710D1D0}.Debug|Windows-x86.ActiveCfg = Debug|Android
		{D04CDD21-436E-48BA-B2CC-ACE9A710D1D0}.Debug|Windows-x86.Build.0 = Debug|Android
		{D04CDD21-436E-48BA-B2CC-ACE9A710D1D0}.Release|Android.ActiveCfg = Release|Android
		{D04CDD21-436E-48BA-B2CC-ACE9A710D1D0}.Release|Android.Build.0 = Release|Android
		{D04CDD21-436E-48BA-B2CC-ACE9A710D1D0}.Release|Any CPU.ActiveCfg = Release|Android
		{D04CDD21-436E-48BA-B2CC-ACE9A710D1D0}.Release|Any CPU.Build.0 = Release|Android
		{D04CDD21-436E-48BA-B2CC-ACE9A710D1D0}.Release|iOS.ActiveCfg = Release|Android
		{D04CDD21-436E-48BA-B2CC-ACE9A710D1D0}.Release|iOS.Build.0 = Release|Android
		{D04CDD21-436E-48BA-B2CC-ACE9A710D1D0}.Release|Windows-ARM.ActiveCfg = Release|Android
		{D04CDD21-436E-48BA-B2CC-ACE9A710D1D0}.Release|Windows-ARM.Build.0 = Release|Android
		{D04CDD21-436E-48BA-B2CC-ACE9A710D1D0}.Release|Windows-x64.ActiveCfg = Release|Android
		{D04CDD21-436E-48BA-B2CC-ACE9A710D1D0}.Release|Windows-x64.Build.0 = Release|Android
		{D04CDD21-436E-48BA-B2CC-ACE9A710D1D0}.Release|Windows-x86.ActiveCfg = Release|Android
		{D04CDD21-436E-48BA-B2CC-ACE9A710D1D0}.Release|Windows-x86.Build.0 = Release|Android
		{CA071813-D313-4169-A81D-B1D502070DBF}.Debug|Android.ActiveCfg = Debug|Android
		{CA071813-D313-4169-A81D-B1D502070DBF}.Debug|Android.Build.0 = Debug|Android
		{CA071813-D313-4169-A81D-B1D502070DBF}.Debug|Any CPU.ActiveCfg = Debug|Android
		{CA071813-D313-4169-A81D-B1D502070DBF}.Debug|Any CPU.Build.0 = Debug|Android
		{CA071813-D313-4169-A81D-B1D502070DBF}.Debug|iOS.ActiveCfg = Debug|Android
		{CA071813-D313-4169-A81D-B1D502070DBF}.Debug|iOS.Build.0 = Debug|Android
		{CA071813-D313-4169-A81D-B1D502070DBF}.Debug|Windows-ARM.ActiveCfg = Debug|Android
		{CA071813-D313-4169-A81D-B1D502070DBF}.Debug|Windows-ARM.Build.0 = Debug|Android
		{CA071813-D313-4169-A81D-B1D502070DBF}.Debug|Windows-x64.ActiveCfg = Debug|Android
		{CA071813-D313-4169-A81D-B1D502070DBF}.Debug|Windows-x64.Build.0 = Debug|Android
		{CA071813-D313-4169-A81D-B1D502070DBF}.Debug|Windows-x86.ActiveCfg = Debug|Android
		{CA071813-D313-4169-A81D-B1D502070DBF}.Debug|Windows-x86.Build.0 = Debug|Android
		{CA071813-D313-4169-A81D-B1D502070DBF}.Release|Android.ActiveCfg = Release|Android
		{CA071813-D313-4169-A81D-B1D502070DBF}.Release|Android.Build.0 = Release|Android
		{CA071813-D313-4169-A81D-B1D502070DBF}.Release|Any CPU.ActiveCfg = Release|Android
		{CA071813-D313-4169-A81D-B1D502070DBF}.Release|Any CPU.Build.0 = Release|Android
		{CA071813-D313-4169-A81D-B1D502070DBF}.Release|iOS.ActiveCfg = Release|Android
		{CA071813-D313-4169-A81D-B1D502070DBF}.Release|iOS.Build.0 = Release|Android
		{CA071813-D313-4169-A81D-B1D502070DBF}.Release|Windows-ARM.ActiveCfg = Release|Android
		{CA071813-D313-4169-A81D-B1D502070DBF}.Release|Windows-ARM.Build.0 = Release|Android
		{CA071813-D313-4169-A81D-B1D502070DBF}.Release|Windows-x64.ActiveCfg = Release|Android
		{CA071813-D313-4169-A81D-B1D502070DBF}.Release|Windows-x64.Build.0 = Release|Android
		{CA071813-D313-4169-A81D-B1D502070DBF}.Release|Windows-x86.ActiveCfg = Release|Android
		{CA071813-D313-4169-A81D-B1D502070DBF}.Release|Windows-x86.Build.0 = Release|Android
		{348BB09D-A36C-4197-9617-9C12AEA92F0C}.Debug|Android.ActiveCfg = Debug|Android
		{348BB09D-A36C-4197-9617-9C12AEA92F0C}.Debug|Android.Build.0 = Debug|Android
		{348BB09D-A36C-4197-9617-9C12AEA92F0C}.Debug|Any CPU.ActiveCfg = Debug|Android
		{348BB09D-A36C-4197-9617-9C12AEA92F0C}.Debug|Any CPU.Build.0 = Debug|Android
		{348BB09D-A36C-4197-9617-9C12AEA92F0C}.Debug|iOS.ActiveCfg = Debug|Android
		{348BB09D-A36C-4197-9617-9C12AEA92F0C}.Debug|iOS.Build.0 = Debug|Android
		{348BB09D-A36C-4197-9617-9C12AEA92F0C}.Debug|Windows-ARM.ActiveCfg = Debug|Android
		{348BB09D-A36C-4197-9617-9C12AEA92F0C}.Debug|Windows-ARM.Build.0 = Debug|Android
		{348BB09D-A36C-4197-9617-9C12AEA92F0C}.Debug|Windows-x64.ActiveCfg = Debug|Android
		{348BB09D-A36C-4197-9617-9C12AEA92F0C}.Debug|Windows-x64.Build.0 = Debug|Android
		{348BB09D-A36C-4197-9617-9C12AEA92F0C}.Debug|Windows-x86.ActiveCfg = Debug|Android
		{348BB09D-A36C-4197-9617-9C12AEA92F0C}.Debug|Windows-x86.Build.0 = Debug|Android
		{348BB09D-A36C-4197-9617-9C12AEA92F0C}.Release|Android.ActiveCfg = Release|Android
		{348BB09D-A36C-4197-9617-9C12AEA92F0C}.Release|Android.Build.0 = Release|Android
		{348BB09D-A36C-4197-9617-9C12AEA92F0C}.Release|Any CPU.ActiveCfg = Release|Android
		{348BB09D-A36C-4197-9617-9C12AEA92F0C}.Release|Any CPU.Build.0 = Release|Android
		{348BB09D-A36C-4197-9617-9C12AEA92F0C}.Release|iOS.ActiveCfg = Release|Android
		{348BB09D-A36C-4197-9617-9C12AEA92F0C}.Release|iOS.Build.0 = Release|Android
		{348BB09D-A36C-4197-9617-9C12AEA92F0C}.Release|Windows-ARM.ActiveCfg = Release|Android
		{348BB09D-A36C-4197-9617-9C12AEA92F0C}.Release|Windows-ARM.Build.0 = Release|Android
		{348BB09D-A36C-4197-9617-9C12AEA92F0C}.Release|Windows-x64.ActiveCfg = Release|Android
		{348BB09D-A36C-4197-9617-9C12AEA92F0C}.Release|Windows-x64.Build.0 = Release|Android
		{348BB09D-A36C-4197-9617-9C12AEA92F0C}.Release|Windows-x86.ActiveCfg = Release|Android
		{348BB09D-A36C-4197-9617-9C12AEA92F0C}.Release|Windows-x86.Build.0 = Release|Android
		{A4DD7D74-B89F-4EA1-9F21-8D8018F48053}.Debug|Android.ActiveCfg = Debug|Any CPU
		{A4DD7D74-B89F-4EA1-9F21-8D8018F48053}.Debug|Android.Build.0 = Debug|Any CPU
		{A4DD7D74-B89F-4EA1-9F21-8D8018F48053}.Debug|Any CPU.ActiveCfg = Debug|Any CPU
		{A4DD7D74-B89F-4EA1-9F21-8D8018F48053}.Debug|Any CPU.Build.0 = Debug|Any CPU
		{A4DD7D74-B89F-4EA1-9F21-8D8018F48053}.Debug|iOS.ActiveCfg = Debug|Any CPU
		{A4DD7D74-B89F-4EA1-9F21-8D8018F48053}.Debug|iOS.Build.0 = Debug|Any CPU
		{A4DD7D74-B89F-4EA1-9F21-8D8018F48053}.Debug|Windows-ARM.ActiveCfg = Debug|Any CPU
		{A4DD7D74-B89F-4EA1-9F21-8D8018F48053}.Debug|Windows-ARM.Build.0 = Debug|Any CPU
		{A4DD7D74-B89F-4EA1-9F21-8D8018F48053}.Debug|Windows-x64.ActiveCfg = Debug|Any CPU
		{A4DD7D74-B89F-4EA1-9F21-8D8018F48053}.Debug|Windows-x64.Build.0 = Debug|Any CPU
		{A4DD7D74-B89F-4EA1-9F21-8D8018F48053}.Debug|Windows-x86.ActiveCfg = Debug|Any CPU
		{A4DD7D74-B89F-4EA1-9F21-8D8018F48053}.Debug|Windows-x86.Build.0 = Debug|Any CPU
		{A4DD7D74-B89F-4EA1-9F21-8D8018F48053}.Release|Android.ActiveCfg = Release|Any CPU
		{A4DD7D74-B89F-4EA1-9F21-8D8018F48053}.Release|Android.Build.0 = Release|Any CPU
		{A4DD7D74-B89F-4EA1-9F21-8D8018F48053}.Release|Any CPU.ActiveCfg = Release|Any CPU
		{A4DD7D74-B89F-4EA1-9F21-8D8018F48053}.Release|Any CPU.Build.0 = Release|Any CPU
		{A4DD7D74-B89F-4EA1-9F21-8D8018F48053}.Release|iOS.ActiveCfg = Release|Any CPU
		{A4DD7D74-B89F-4EA1-9F21-8D8018F48053}.Release|iOS.Build.0 = Release|Any CPU
		{A4DD7D74-B89F-4EA1-9F21-8D8018F48053}.Release|Windows-ARM.ActiveCfg = Release|Any CPU
		{A4DD7D74-B89F-4EA1-9F21-8D8018F48053}.Release|Windows-ARM.Build.0 = Release|Any CPU
		{A4DD7D74-B89F-4EA1-9F21-8D8018F48053}.Release|Windows-x64.ActiveCfg = Release|Any CPU
		{A4DD7D74-B89F-4EA1-9F21-8D8018F48053}.Release|Windows-x64.Build.0 = Release|Any CPU
		{A4DD7D74-B89F-4EA1-9F21-8D8018F48053}.Release|Windows-x86.ActiveCfg = Release|Any CPU
		{A4DD7D74-B89F-4EA1-9F21-8D8018F48053}.Release|Windows-x86.Build.0 = Release|Any CPU
		{F3545AAF-3E24-4217-B74D-6F3644625ACB}.Debug|Android.ActiveCfg = Debug|Any CPU
		{F3545AAF-3E24-4217-B74D-6F3644625ACB}.Debug|Android.Build.0 = Debug|Any CPU
		{F3545AAF-3E24-4217-B74D-6F3644625ACB}.Debug|Any CPU.ActiveCfg = Debug|Any CPU
		{F3545AAF-3E24-4217-B74D-6F3644625ACB}.Debug|Any CPU.Build.0 = Debug|Any CPU
		{F3545AAF-3E24-4217-B74D-6F3644625ACB}.Debug|iOS.ActiveCfg = Debug|Any CPU
		{F3545AAF-3E24-4217-B74D-6F3644625ACB}.Debug|iOS.Build.0 = Debug|Any CPU
		{F3545AAF-3E24-4217-B74D-6F3644625ACB}.Debug|Windows-ARM.ActiveCfg = Debug|Any CPU
		{F3545AAF-3E24-4217-B74D-6F3644625ACB}.Debug|Windows-ARM.Build.0 = Debug|Any CPU
		{F3545AAF-3E24-4217-B74D-6F3644625ACB}.Debug|Windows-x64.ActiveCfg = Debug|Any CPU
		{F3545AAF-3E24-4217-B74D-6F3644625ACB}.Debug|Windows-x64.Build.0 = Debug|Any CPU
		{F3545AAF-3E24-4217-B74D-6F3644625ACB}.Debug|Windows-x86.ActiveCfg = Debug|Any CPU
		{F3545AAF-3E24-4217-B74D-6F3644625ACB}.Debug|Windows-x86.Build.0 = Debug|Any CPU
		{F3545AAF-3E24-4217-B74D-6F3644625ACB}.Release|Android.ActiveCfg = Release|Any CPU
		{F3545AAF-3E24-4217-B74D-6F3644625ACB}.Release|Android.Build.0 = Release|Any CPU
		{F3545AAF-3E24-4217-B74D-6F3644625ACB}.Release|Any CPU.ActiveCfg = Release|Any CPU
		{F3545AAF-3E24-4217-B74D-6F3644625ACB}.Release|Any CPU.Build.0 = Release|Any CPU
		{F3545AAF-3E24-4217-B74D-6F3644625ACB}.Release|iOS.ActiveCfg = Release|Any CPU
		{F3545AAF-3E24-4217-B74D-6F3644625ACB}.Release|iOS.Build.0 = Release|Any CPU
		{F3545AAF-3E24-4217-B74D-6F3644625ACB}.Release|Windows-ARM.ActiveCfg = Release|Any CPU
		{F3545AAF-3E24-4217-B74D-6F3644625ACB}.Release|Windows-ARM.Build.0 = Release|Any CPU
		{F3545AAF-3E24-4217-B74D-6F3644625ACB}.Release|Windows-x64.ActiveCfg = Release|Any CPU
		{F3545AAF-3E24-4217-B74D-6F3644625ACB}.Release|Windows-x64.Build.0 = Release|Any CPU
		{F3545AAF-3E24-4217-B74D-6F3644625ACB}.Release|Windows-x86.ActiveCfg = Release|Any CPU
		{F3545AAF-3E24-4217-B74D-6F3644625ACB}.Release|Windows-x86.Build.0 = Release|Any CPU
	EndGlobalSection
	GlobalSection(SolutionProperties) = preSolution
		HideSolutionNode = FALSE
	EndGlobalSection
	GlobalSection(NestedProjects) = preSolution
		{26290BBF-9F9A-45EF-B52A-9D460CD57356} = {55946C8A-D6B1-4346-A4CE-12C4FB22FFC9}
		{8F486DAA-646C-4AA4-967D-5038193196AD} = {55946C8A-D6B1-4346-A4CE-12C4FB22FFC9}
		{F3507198-110E-4438-9830-E44B7B8AF8CF} = {55946C8A-D6B1-4346-A4CE-12C4FB22FFC9}
		{E22A69F6-A9E9-493A-B6DD-A7DE9A6EC20C} = {838FDD09-A5E6-4650-AC35-0EC258252471}
		{7FAD0B12-615E-4F3C-BB86-32E6924C3DD6} = {6A98AD16-ECF2-4ADE-88A1-8B5051588C2D}
		{1C7AB5FB-08E2-44DD-B7BA-0A5F96295677} = {838FDD09-A5E6-4650-AC35-0EC258252471}
		{DE22417E-CE2F-4278-9F23-CA87F520AE02} = {838FDD09-A5E6-4650-AC35-0EC258252471}
		{9BF53DEF-99FA-4B79-9327-0ADCAD252B35} = {838FDD09-A5E6-4650-AC35-0EC258252471}
		{853583A6-B007-473C-92A3-56ACB8341CCD} = {838FDD09-A5E6-4650-AC35-0EC258252471}
		{275CEF1B-E7EA-4C0F-AF65-20DC27EF8A16} = {838FDD09-A5E6-4650-AC35-0EC258252471}
		{4F333282-41D5-48A4-8B98-E3683077CCC9} = {838FDD09-A5E6-4650-AC35-0EC258252471}
		{716CFDB4-1BB6-4D9F-9165-3162F943FC50} = {838FDD09-A5E6-4650-AC35-0EC258252471}
		{6D22047E-6751-46BA-A9DC-87F61F273B46} = {838FDD09-A5E6-4650-AC35-0EC258252471}
		{3F67A4C5-A210-4AF8-9CF7-A57E6AD092CA} = {838FDD09-A5E6-4650-AC35-0EC258252471}
		{1D530981-D92E-4C20-836E-E8958DBD4018} = {838FDD09-A5E6-4650-AC35-0EC258252471}
		{0D375017-3883-49B2-8B9F-EEAF5BA272A9} = {6A98AD16-ECF2-4ADE-88A1-8B5051588C2D}
		{3FA1652F-BDB1-4CBB-BCF5-606128253E92} = {6A98AD16-ECF2-4ADE-88A1-8B5051588C2D}
		{2C35DA74-AE0C-443F-B817-F1DFFFF85AB7} = {4936B19A-C7E0-404E-8948-44FE9759E32B}
		{713D0A8A-C47D-4C87-B5CE-C5D6EC7DF09D} = {838FDD09-A5E6-4650-AC35-0EC258252471}
		{0AD2E80C-E264-4FA4-9712-55ED257BAFEB} = {4936B19A-C7E0-404E-8948-44FE9759E32B}
		{A2594F94-E112-4773-AE08-C2739C01BA24} = {4936B19A-C7E0-404E-8948-44FE9759E32B}
		{B8CC70EA-76E7-4867-910D-8C88C4F7FC5A} = {4936B19A-C7E0-404E-8948-44FE9759E32B}
		{2FAE52A7-C35C-4C79-9574-3793EF7F1033} = {4936B19A-C7E0-404E-8948-44FE9759E32B}
		{60DC190A-247C-4324-B3D0-1EBFDA5EC023} = {4936B19A-C7E0-404E-8948-44FE9759E32B}
		{CCA2AE35-F6AA-4523-AAF4-081D6B2FA76E} = {4936B19A-C7E0-404E-8948-44FE9759E32B}
		{50F08C42-8402-4CD1-BBA5-BC2A1FDF5CA4} = {4936B19A-C7E0-404E-8948-44FE9759E32B}
		{2F9F4EC3-3C85-4586-97F7-953DB7C29432} = {4936B19A-C7E0-404E-8948-44FE9759E32B}
		{4DAFCEB3-BDF3-453A-9BE7-A5C9C0E95EEF} = {4936B19A-C7E0-404E-8948-44FE9759E32B}
		{C8930FAC-F323-432F-8D58-11CFD8AD5C01} = {4936B19A-C7E0-404E-8948-44FE9759E32B}
		{76764E06-76B6-44B6-B83D-87C818669B9A} = {4936B19A-C7E0-404E-8948-44FE9759E32B}
		{25DA84A0-F4F1-4DC8-A343-0DA2F20C6F37} = {4936B19A-C7E0-404E-8948-44FE9759E32B}
		{AED5A9D2-3A93-49EC-8AB4-3D0370E4F9A2} = {4936B19A-C7E0-404E-8948-44FE9759E32B}
		{454818B8-F53E-4858-86F7-CC83B3BB9697} = {4936B19A-C7E0-404E-8948-44FE9759E32B}
		{329EB764-689A-4A78-B581-ADA8B3D28770} = {4936B19A-C7E0-404E-8948-44FE9759E32B}
		{FA3EC9C7-3260-4115-BEA8-0BBC7A966CBF} = {4936B19A-C7E0-404E-8948-44FE9759E32B}
		{4936B19A-C7E0-404E-8948-44FE9759E32B} = {EB2428EE-AE42-442A-B300-86B0FA53DC4F}
		{27CAED1D-609B-4FE3-8FE5-90A3BA2B09B1} = {EB2428EE-AE42-442A-B300-86B0FA53DC4F}
		{A9A54DC8-38A2-4177-B993-00F7D05B1D4E} = {27CAED1D-609B-4FE3-8FE5-90A3BA2B09B1}
		{B3E1A79B-D3DD-4BAB-9D0A-BF6AC6E579B5} = {EB2428EE-AE42-442A-B300-86B0FA53DC4F}
		{4F7EAC98-B1EC-4941-94E3-9A80E6478492} = {B3E1A79B-D3DD-4BAB-9D0A-BF6AC6E579B5}
		{D04CDD21-436E-48BA-B2CC-ACE9A710D1D0} = {B3E1A79B-D3DD-4BAB-9D0A-BF6AC6E579B5}
		{CA071813-D313-4169-A81D-B1D502070DBF} = {09DEE838-27A8-4B92-AA5C-0E5312C4D2A7}
		{09DEE838-27A8-4B92-AA5C-0E5312C4D2A7} = {EB2428EE-AE42-442A-B300-86B0FA53DC4F}
		{348BB09D-A36C-4197-9617-9C12AEA92F0C} = {09DEE838-27A8-4B92-AA5C-0E5312C4D2A7}
		{47BD8D66-90CF-462C-B9F1-D22799CC45B9} = {EB2428EE-AE42-442A-B300-86B0FA53DC4F}
		{A4DD7D74-B89F-4EA1-9F21-8D8018F48053} = {47BD8D66-90CF-462C-B9F1-D22799CC45B9}
		{F3545AAF-3E24-4217-B74D-6F3644625ACB} = {838FDD09-A5E6-4650-AC35-0EC258252471}
	EndGlobalSection
	GlobalSection(ExtensibilityGlobals) = postSolution
		SolutionGuid = {C6E8DC49-D8C8-4C1D-B86F-8B2C2C1BCBC9}
	EndGlobalSection
EndGlobal
